
Microsoft Visual Studio Solution File, Format Version 12.00
# Visual Studio Version 17
VisualStudioVersion = 17.1.31911.260
MinimumVisualStudioVersion = 10.0.40219.1
Project("{D954291E-2A0B-460D-934E-DC6B0785DB48}") = "SimpleUnoApp.Shared", "SimpleUnoApp\SimpleUnoApp.Shared\SimpleUnoApp.Shared.shproj", "{6279C845-92F8-4333-AB99-3D213163593C}"
EndProject
Project("{2150E333-8FDC-42A3-9474-1A3956D46DE8}") = "Platforms", "Platforms", "{FFA2DF2A-0262-4BB6-B62F-0676CE412269}"
EndProject
Project("{FAE04EC0-301F-11D3-BF4B-00C04F79EFBC}") = "SimpleUnoApp.iOS", "SimpleUnoApp\SimpleUnoApp.iOS\SimpleUnoApp.iOS.csproj", "{426FBD2D-4159-44C6-934F-AE28F07F3D8D}"
EndProject
Project("{FAE04EC0-301F-11D3-BF4B-00C04F79EFBC}") = "SimpleUnoApp.macOS", "SimpleUnoApp\SimpleUnoApp.macOS\SimpleUnoApp.macOS.csproj", "{5AB8B03D-1E00-4CF8-9B16-AA62B1CB0306}"
EndProject
Global
	GlobalSection(SharedMSBuildProjectFiles) = preSolution
		SimpleUnoApp\SimpleUnoApp.Shared\SimpleUnoApp.Shared.projitems*{426fbd2d-4159-44c6-934f-ae28f07f3d8d}*SharedItemsImports = 4
		SimpleUnoApp\SimpleUnoApp.Shared\SimpleUnoApp.Shared.projitems*{5ab8b03d-1e00-4cf8-9b16-aa62b1cb0306}*SharedItemsImports = 4
		SimpleUnoApp\SimpleUnoApp.Shared\SimpleUnoApp.Shared.projitems*{6279c845-92f8-4333-ab99-3d213163593c}*SharedItemsImports = 13
	EndGlobalSection
	GlobalSection(SolutionConfigurationPlatforms) = preSolution
		Ad-Hoc|Any CPU = Ad-Hoc|Any CPU
		Ad-Hoc|ARM = Ad-Hoc|ARM
		Ad-Hoc|ARM64 = Ad-Hoc|ARM64
		Ad-Hoc|iPhone = Ad-Hoc|iPhone
		Ad-Hoc|iPhoneSimulator = Ad-Hoc|iPhoneSimulator
		Ad-Hoc|x64 = Ad-Hoc|x64
		Ad-Hoc|x86 = Ad-Hoc|x86
		AppStore|Any CPU = AppStore|Any CPU
		AppStore|ARM = AppStore|ARM
		AppStore|ARM64 = AppStore|ARM64
		AppStore|iPhone = AppStore|iPhone
		AppStore|iPhoneSimulator = AppStore|iPhoneSimulator
		AppStore|x64 = AppStore|x64
		AppStore|x86 = AppStore|x86
		Debug|Any CPU = Debug|Any CPU
		Debug|ARM = Debug|ARM
		Debug|ARM64 = Debug|ARM64
		Debug|iPhone = Debug|iPhone
		Debug|iPhoneSimulator = Debug|iPhoneSimulator
		Debug|x64 = Debug|x64
		Debug|x86 = Debug|x86
		Release|Any CPU = Release|Any CPU
		Release|ARM = Release|ARM
		Release|ARM64 = Release|ARM64
		Release|iPhone = Release|iPhone
		Release|iPhoneSimulator = Release|iPhoneSimulator
		Release|x64 = Release|x64
		Release|x86 = Release|x86
	EndGlobalSection
	GlobalSection(ProjectConfigurationPlatforms) = postSolution
		{426FBD2D-4159-44C6-934F-AE28F07F3D8D}.Ad-Hoc|Any CPU.ActiveCfg = Ad-Hoc|iPhoneSimulator
		{426FBD2D-4159-44C6-934F-AE28F07F3D8D}.Ad-Hoc|Any CPU.Build.0 = Ad-Hoc|iPhoneSimulator
		{426FBD2D-4159-44C6-934F-AE28F07F3D8D}.Ad-Hoc|ARM.ActiveCfg = Ad-Hoc|iPhoneSimulator
		{426FBD2D-4159-44C6-934F-AE28F07F3D8D}.Ad-Hoc|ARM.Build.0 = Ad-Hoc|iPhoneSimulator
		{426FBD2D-4159-44C6-934F-AE28F07F3D8D}.Ad-Hoc|ARM64.ActiveCfg = Ad-Hoc|iPhoneSimulator
		{426FBD2D-4159-44C6-934F-AE28F07F3D8D}.Ad-Hoc|ARM64.Build.0 = Ad-Hoc|iPhoneSimulator
		{426FBD2D-4159-44C6-934F-AE28F07F3D8D}.Ad-Hoc|iPhone.ActiveCfg = Ad-Hoc|iPhone
		{426FBD2D-4159-44C6-934F-AE28F07F3D8D}.Ad-Hoc|iPhone.Build.0 = Ad-Hoc|iPhone
		{426FBD2D-4159-44C6-934F-AE28F07F3D8D}.Ad-Hoc|iPhoneSimulator.ActiveCfg = Ad-Hoc|iPhoneSimulator
		{426FBD2D-4159-44C6-934F-AE28F07F3D8D}.Ad-Hoc|iPhoneSimulator.Build.0 = Ad-Hoc|iPhoneSimulator
		{426FBD2D-4159-44C6-934F-AE28F07F3D8D}.Ad-Hoc|x64.ActiveCfg = Ad-Hoc|iPhoneSimulator
		{426FBD2D-4159-44C6-934F-AE28F07F3D8D}.Ad-Hoc|x64.Build.0 = Ad-Hoc|iPhoneSimulator
		{426FBD2D-4159-44C6-934F-AE28F07F3D8D}.Ad-Hoc|x86.ActiveCfg = Ad-Hoc|iPhoneSimulator
		{426FBD2D-4159-44C6-934F-AE28F07F3D8D}.Ad-Hoc|x86.Build.0 = Ad-Hoc|iPhoneSimulator
		{426FBD2D-4159-44C6-934F-AE28F07F3D8D}.AppStore|Any CPU.ActiveCfg = AppStore|iPhoneSimulator
		{426FBD2D-4159-44C6-934F-AE28F07F3D8D}.AppStore|Any CPU.Build.0 = AppStore|iPhoneSimulator
		{426FBD2D-4159-44C6-934F-AE28F07F3D8D}.AppStore|ARM.ActiveCfg = AppStore|iPhoneSimulator
		{426FBD2D-4159-44C6-934F-AE28F07F3D8D}.AppStore|ARM.Build.0 = AppStore|iPhoneSimulator
		{426FBD2D-4159-44C6-934F-AE28F07F3D8D}.AppStore|ARM64.ActiveCfg = AppStore|iPhoneSimulator
		{426FBD2D-4159-44C6-934F-AE28F07F3D8D}.AppStore|ARM64.Build.0 = AppStore|iPhoneSimulator
		{426FBD2D-4159-44C6-934F-AE28F07F3D8D}.AppStore|iPhone.ActiveCfg = AppStore|iPhone
		{426FBD2D-4159-44C6-934F-AE28F07F3D8D}.AppStore|iPhone.Build.0 = AppStore|iPhone
		{426FBD2D-4159-44C6-934F-AE28F07F3D8D}.AppStore|iPhoneSimulator.ActiveCfg = AppStore|iPhoneSimulator
		{426FBD2D-4159-44C6-934F-AE28F07F3D8D}.AppStore|iPhoneSimulator.Build.0 = AppStore|iPhoneSimulator
		{426FBD2D-4159-44C6-934F-AE28F07F3D8D}.AppStore|x64.ActiveCfg = AppStore|iPhoneSimulator
		{426FBD2D-4159-44C6-934F-AE28F07F3D8D}.AppStore|x64.Build.0 = AppStore|iPhoneSimulator
		{426FBD2D-4159-44C6-934F-AE28F07F3D8D}.AppStore|x86.ActiveCfg = AppStore|iPhoneSimulator
		{426FBD2D-4159-44C6-934F-AE28F07F3D8D}.AppStore|x86.Build.0 = AppStore|iPhoneSimulator
		{426FBD2D-4159-44C6-934F-AE28F07F3D8D}.Debug|Any CPU.ActiveCfg = Debug|iPhoneSimulator
		{426FBD2D-4159-44C6-934F-AE28F07F3D8D}.Debug|Any CPU.Build.0 = Debug|iPhoneSimulator
		{426FBD2D-4159-44C6-934F-AE28F07F3D8D}.Debug|ARM.ActiveCfg = Debug|iPhoneSimulator
		{426FBD2D-4159-44C6-934F-AE28F07F3D8D}.Debug|ARM.Build.0 = Debug|iPhoneSimulator
		{426FBD2D-4159-44C6-934F-AE28F07F3D8D}.Debug|ARM64.ActiveCfg = Debug|iPhoneSimulator
		{426FBD2D-4159-44C6-934F-AE28F07F3D8D}.Debug|ARM64.Build.0 = Debug|iPhoneSimulator
		{426FBD2D-4159-44C6-934F-AE28F07F3D8D}.Debug|iPhone.ActiveCfg = Debug|iPhone
		{426FBD2D-4159-44C6-934F-AE28F07F3D8D}.Debug|iPhone.Build.0 = Debug|iPhone
		{426FBD2D-4159-44C6-934F-AE28F07F3D8D}.Debug|iPhoneSimulator.ActiveCfg = Debug|iPhoneSimulator
		{426FBD2D-4159-44C6-934F-AE28F07F3D8D}.Debug|iPhoneSimulator.Build.0 = Debug|iPhoneSimulator
		{426FBD2D-4159-44C6-934F-AE28F07F3D8D}.Debug|x64.ActiveCfg = Debug|iPhoneSimulator
		{426FBD2D-4159-44C6-934F-AE28F07F3D8D}.Debug|x64.Build.0 = Debug|iPhoneSimulator
		{426FBD2D-4159-44C6-934F-AE28F07F3D8D}.Debug|x86.ActiveCfg = Debug|iPhoneSimulator
		{426FBD2D-4159-44C6-934F-AE28F07F3D8D}.Debug|x86.Build.0 = Debug|iPhoneSimulator
		{426FBD2D-4159-44C6-934F-AE28F07F3D8D}.Release|Any CPU.ActiveCfg = Release|iPhoneSimulator
		{426FBD2D-4159-44C6-934F-AE28F07F3D8D}.Release|Any CPU.Build.0 = Release|iPhoneSimulator
		{426FBD2D-4159-44C6-934F-AE28F07F3D8D}.Release|ARM.ActiveCfg = Release|iPhoneSimulator
		{426FBD2D-4159-44C6-934F-AE28F07F3D8D}.Release|ARM.Build.0 = Release|iPhoneSimulator
		{426FBD2D-4159-44C6-934F-AE28F07F3D8D}.Release|ARM64.ActiveCfg = Release|iPhoneSimulator
		{426FBD2D-4159-44C6-934F-AE28F07F3D8D}.Release|ARM64.Build.0 = Release|iPhoneSimulator
		{426FBD2D-4159-44C6-934F-AE28F07F3D8D}.Release|iPhone.ActiveCfg = Release|iPhone
		{426FBD2D-4159-44C6-934F-AE28F07F3D8D}.Release|iPhone.Build.0 = Release|iPhone
		{426FBD2D-4159-44C6-934F-AE28F07F3D8D}.Release|iPhoneSimulator.ActiveCfg = Release|iPhoneSimulator
		{426FBD2D-4159-44C6-934F-AE28F07F3D8D}.Release|iPhoneSimulator.Build.0 = Release|iPhoneSimulator
		{426FBD2D-4159-44C6-934F-AE28F07F3D8D}.Release|x64.ActiveCfg = Release|iPhoneSimulator
		{426FBD2D-4159-44C6-934F-AE28F07F3D8D}.Release|x64.Build.0 = Release|iPhoneSimulator
		{426FBD2D-4159-44C6-934F-AE28F07F3D8D}.Release|x86.ActiveCfg = Release|iPhoneSimulator
		{426FBD2D-4159-44C6-934F-AE28F07F3D8D}.Release|x86.Build.0 = Release|iPhoneSimulator
		{5AB8B03D-1E00-4CF8-9B16-AA62B1CB0306}.Ad-Hoc|Any CPU.ActiveCfg = Debug|iPhoneSimulator
		{5AB8B03D-1E00-4CF8-9B16-AA62B1CB0306}.Ad-Hoc|Any CPU.Build.0 = Debug|iPhoneSimulator
		{5AB8B03D-1E00-4CF8-9B16-AA62B1CB0306}.Ad-Hoc|ARM.ActiveCfg = Debug|iPhoneSimulator
		{5AB8B03D-1E00-4CF8-9B16-AA62B1CB0306}.Ad-Hoc|ARM.Build.0 = Debug|iPhoneSimulator
		{5AB8B03D-1E00-4CF8-9B16-AA62B1CB0306}.Ad-Hoc|ARM64.ActiveCfg = Debug|iPhoneSimulator
		{5AB8B03D-1E00-4CF8-9B16-AA62B1CB0306}.Ad-Hoc|ARM64.Build.0 = Debug|iPhoneSimulator
		{5AB8B03D-1E00-4CF8-9B16-AA62B1CB0306}.Ad-Hoc|iPhone.ActiveCfg = Debug|iPhoneSimulator
		{5AB8B03D-1E00-4CF8-9B16-AA62B1CB0306}.Ad-Hoc|iPhone.Build.0 = Debug|iPhoneSimulator
		{5AB8B03D-1E00-4CF8-9B16-AA62B1CB0306}.Ad-Hoc|iPhoneSimulator.ActiveCfg = Debug|iPhoneSimulator
		{5AB8B03D-1E00-4CF8-9B16-AA62B1CB0306}.Ad-Hoc|iPhoneSimulator.Build.0 = Debug|iPhoneSimulator
		{5AB8B03D-1E00-4CF8-9B16-AA62B1CB0306}.Ad-Hoc|x64.ActiveCfg = Debug|iPhoneSimulator
		{5AB8B03D-1E00-4CF8-9B16-AA62B1CB0306}.Ad-Hoc|x64.Build.0 = Debug|iPhoneSimulator
		{5AB8B03D-1E00-4CF8-9B16-AA62B1CB0306}.Ad-Hoc|x86.ActiveCfg = Debug|iPhoneSimulator
		{5AB8B03D-1E00-4CF8-9B16-AA62B1CB0306}.Ad-Hoc|x86.Build.0 = Debug|iPhoneSimulator
		{5AB8B03D-1E00-4CF8-9B16-AA62B1CB0306}.AppStore|Any CPU.ActiveCfg = Debug|iPhoneSimulator
		{5AB8B03D-1E00-4CF8-9B16-AA62B1CB0306}.AppStore|Any CPU.Build.0 = Debug|iPhoneSimulator
		{5AB8B03D-1E00-4CF8-9B16-AA62B1CB0306}.AppStore|ARM.ActiveCfg = Debug|iPhoneSimulator
		{5AB8B03D-1E00-4CF8-9B16-AA62B1CB0306}.AppStore|ARM.Build.0 = Debug|iPhoneSimulator
		{5AB8B03D-1E00-4CF8-9B16-AA62B1CB0306}.AppStore|ARM64.ActiveCfg = Debug|iPhoneSimulator
		{5AB8B03D-1E00-4CF8-9B16-AA62B1CB0306}.AppStore|ARM64.Build.0 = Debug|iPhoneSimulator
		{5AB8B03D-1E00-4CF8-9B16-AA62B1CB0306}.AppStore|iPhone.ActiveCfg = Debug|iPhoneSimulator
		{5AB8B03D-1E00-4CF8-9B16-AA62B1CB0306}.AppStore|iPhone.Build.0 = Debug|iPhoneSimulator
		{5AB8B03D-1E00-4CF8-9B16-AA62B1CB0306}.AppStore|iPhoneSimulator.ActiveCfg = Debug|iPhoneSimulator
		{5AB8B03D-1E00-4CF8-9B16-AA62B1CB0306}.AppStore|iPhoneSimulator.Build.0 = Debug|iPhoneSimulator
		{5AB8B03D-1E00-4CF8-9B16-AA62B1CB0306}.AppStore|x64.ActiveCfg = Debug|iPhoneSimulator
		{5AB8B03D-1E00-4CF8-9B16-AA62B1CB0306}.AppStore|x64.Build.0 = Debug|iPhoneSimulator
		{5AB8B03D-1E00-4CF8-9B16-AA62B1CB0306}.AppStore|x86.ActiveCfg = Debug|iPhoneSimulator
		{5AB8B03D-1E00-4CF8-9B16-AA62B1CB0306}.AppStore|x86.Build.0 = Debug|iPhoneSimulator
		{5AB8B03D-1E00-4CF8-9B16-AA62B1CB0306}.Debug|Any CPU.ActiveCfg = Debug|iPhoneSimulator
		{5AB8B03D-1E00-4CF8-9B16-AA62B1CB0306}.Debug|Any CPU.Build.0 = Debug|iPhoneSimulator
		{5AB8B03D-1E00-4CF8-9B16-AA62B1CB0306}.Debug|ARM.ActiveCfg = Debug|iPhoneSimulator
		{5AB8B03D-1E00-4CF8-9B16-AA62B1CB0306}.Debug|ARM.Build.0 = Debug|iPhoneSimulator
		{5AB8B03D-1E00-4CF8-9B16-AA62B1CB0306}.Debug|ARM64.ActiveCfg = Debug|iPhoneSimulator
		{5AB8B03D-1E00-4CF8-9B16-AA62B1CB0306}.Debug|ARM64.Build.0 = Debug|iPhoneSimulator
		{5AB8B03D-1E00-4CF8-9B16-AA62B1CB0306}.Debug|iPhone.ActiveCfg = Debug|iPhoneSimulator
		{5AB8B03D-1E00-4CF8-9B16-AA62B1CB0306}.Debug|iPhone.Build.0 = Debug|iPhoneSimulator
		{5AB8B03D-1E00-4CF8-9B16-AA62B1CB0306}.Debug|iPhoneSimulator.ActiveCfg = Debug|iPhoneSimulator
		{5AB8B03D-1E00-4CF8-9B16-AA62B1CB0306}.Debug|iPhoneSimulator.Build.0 = Debug|iPhoneSimulator
		{5AB8B03D-1E00-4CF8-9B16-AA62B1CB0306}.Debug|x64.ActiveCfg = Debug|iPhoneSimulator
		{5AB8B03D-1E00-4CF8-9B16-AA62B1CB0306}.Debug|x64.Build.0 = Debug|iPhoneSimulator
		{5AB8B03D-1E00-4CF8-9B16-AA62B1CB0306}.Debug|x86.ActiveCfg = Debug|iPhoneSimulator
		{5AB8B03D-1E00-4CF8-9B16-AA62B1CB0306}.Debug|x86.Build.0 = Debug|iPhoneSimulator
		{5AB8B03D-1E00-4CF8-9B16-AA62B1CB0306}.Release|Any CPU.ActiveCfg = Release|iPhoneSimulator
		{5AB8B03D-1E00-4CF8-9B16-AA62B1CB0306}.Release|Any CPU.Build.0 = Release|iPhoneSimulator
		{5AB8B03D-1E00-4CF8-9B16-AA62B1CB0306}.Release|ARM.ActiveCfg = Release|iPhoneSimulator
		{5AB8B03D-1E00-4CF8-9B16-AA62B1CB0306}.Release|ARM.Build.0 = Release|iPhoneSimulator
		{5AB8B03D-1E00-4CF8-9B16-AA62B1CB0306}.Release|ARM64.ActiveCfg = Release|iPhoneSimulator
		{5AB8B03D-1E00-4CF8-9B16-AA62B1CB0306}.Release|ARM64.Build.0 = Release|iPhoneSimulator
		{5AB8B03D-1E00-4CF8-9B16-AA62B1CB0306}.Release|iPhone.ActiveCfg = Release|iPhoneSimulator
		{5AB8B03D-1E00-4CF8-9B16-AA62B1CB0306}.Release|iPhone.Build.0 = Release|iPhoneSimulator
		{5AB8B03D-1E00-4CF8-9B16-AA62B1CB0306}.Release|iPhoneSimulator.ActiveCfg = Release|iPhoneSimulator
		{5AB8B03D-1E00-4CF8-9B16-AA62B1CB0306}.Release|iPhoneSimulator.Build.0 = Release|iPhoneSimulator
		{5AB8B03D-1E00-4CF8-9B16-AA62B1CB0306}.Release|x64.ActiveCfg = Release|iPhoneSimulator
		{5AB8B03D-1E00-4CF8-9B16-AA62B1CB0306}.Release|x64.Build.0 = Release|iPhoneSimulator
		{5AB8B03D-1E00-4CF8-9B16-AA62B1CB0306}.Release|x86.ActiveCfg = Release|iPhoneSimulator
		{5AB8B03D-1E00-4CF8-9B16-AA62B1CB0306}.Release|x86.Build.0 = Release|iPhoneSimulator
	EndGlobalSection
	GlobalSection(SolutionProperties) = preSolution
		HideSolutionNode = FALSE
	EndGlobalSection
	GlobalSection(NestedProjects) = preSolution
		{426FBD2D-4159-44C6-934F-AE28F07F3D8D} = {FFA2DF2A-0262-4BB6-B62F-0676CE412269}
		{5AB8B03D-1E00-4CF8-9B16-AA62B1CB0306} = {FFA2DF2A-0262-4BB6-B62F-0676CE412269}
	EndGlobalSection
	GlobalSection(ExtensibilityGlobals) = postSolution
		SolutionGuid = {6D48D563-B1A7-4F1E-AE9E-E5C0B5EBC0B1}
	EndGlobalSection
EndGlobal
