
Microsoft Visual Studio Solution File, Format Version 12.00
# Visual Studio Version 17
VisualStudioVersion = 17.1.31911.260
MinimumVisualStudioVersion = 10.0.40219.1
Project("{D954291E-2A0B-460D-934E-DC6B0785DB48}") = "SimpleUnoApp.Shared", "SimpleUnoApp\SimpleUnoApp.Shared\SimpleUnoApp.Shared.shproj", "{6279C845-92F8-4333-AB99-3D213163593C}"
EndProject
Project("{2150E333-8FDC-42A3-9474-1A3956D46DE8}") = "Platforms", "Platforms", "{FFA2DF2A-0262-4BB6-B62F-0676CE412269}"
EndProject
Project("{FAE04EC0-301F-11D3-BF4B-00C04F79EFBC}") = "SimpleUnoApp.Droid", "SimpleUnoApp\SimpleUnoApp.Droid\SimpleUnoApp.Droid.csproj", "{BA0574C5-DE52-4E56-9455-0FE3B2B3C2C8}"
EndProject
Project("{FAE04EC0-301F-11D3-BF4B-00C04F79EFBC}") = "SimpleUnoApp.iOS", "SimpleUnoApp\SimpleUnoApp.iOS\SimpleUnoApp.iOS.csproj", "{426FBD2D-4159-44C6-934F-AE28F07F3D8D}"
EndProject
Project("{FAE04EC0-301F-11D3-BF4B-00C04F79EFBC}") = "SimpleUnoApp.UWP", "SimpleUnoApp\SimpleUnoApp.UWP\SimpleUnoApp.UWP.csproj", "{EDF24997-9B24-48FF-B668-902814233950}"
EndProject
Project("{FAE04EC0-301F-11D3-BF4B-00C04F79EFBC}") = "SimpleUnoApp.Wasm", "SimpleUnoApp\SimpleUnoApp.Wasm\SimpleUnoApp.Wasm.csproj", "{865B58B2-EE03-46EE-8AB3-7E989B723469}"
EndProject
Project("{FAE04EC0-301F-11D3-BF4B-00C04F79EFBC}") = "SimpleUnoApp.macOS", "SimpleUnoApp\SimpleUnoApp.macOS\SimpleUnoApp.macOS.csproj", "{5AB8B03D-1E00-4CF8-9B16-AA62B1CB0306}"
EndProject
Project("{FAE04EC0-301F-11D3-BF4B-00C04F79EFBC}") = "SimpleUnoApp.Skia.Wpf.Host", "SimpleUnoApp\SimpleUnoApp.Skia.Wpf.Host\SimpleUnoApp.Skia.Wpf.Host.csproj", "{DC64B30D-61FB-45E3-96A1-3F4E7317BA6D}"
EndProject
Project("{FAE04EC0-301F-11D3-BF4B-00C04F79EFBC}") = "SimpleUnoApp.Skia.Wpf", "SimpleUnoApp\SimpleUnoApp.Skia.Wpf\SimpleUnoApp.Skia.Wpf.csproj", "{BE97FE75-614B-46A7-A612-86AC9EFCBBEF}"
EndProject
Project("{FAE04EC0-301F-11D3-BF4B-00C04F79EFBC}") = "SimpleUnoApp.Skia.Gtk", "SimpleUnoApp\SimpleUnoApp.Skia.Gtk\SimpleUnoApp.Skia.Gtk.csproj", "{BFD2D72A-4E7C-41FB-8487-4BB56FE71FF1}"
EndProject
Project("{FAE04EC0-301F-11D3-BF4B-00C04F79EFBC}") = "SimpleUnoApp.Skia.Tizen", "SimpleUnoApp\SimpleUnoApp.Skia.Tizen\SimpleUnoApp.Skia.Tizen.csproj", "{26B3970B-2583-4600-BFFE-2935424976AE}"
EndProject
Global
	GlobalSection(SharedMSBuildProjectFiles) = preSolution
		SimpleUnoApp\SimpleUnoApp.Shared\SimpleUnoApp.Shared.projitems*{26b3970b-2583-4600-bffe-2935424976ae}*SharedItemsImports = 5
		SimpleUnoApp\SimpleUnoApp.Shared\SimpleUnoApp.Shared.projitems*{426fbd2d-4159-44c6-934f-ae28f07f3d8d}*SharedItemsImports = 4
		SimpleUnoApp\SimpleUnoApp.Shared\SimpleUnoApp.Shared.projitems*{5ab8b03d-1e00-4cf8-9b16-aa62b1cb0306}*SharedItemsImports = 4
		SimpleUnoApp\SimpleUnoApp.Shared\SimpleUnoApp.Shared.projitems*{6279c845-92f8-4333-ab99-3d213163593c}*SharedItemsImports = 13
		SimpleUnoApp\SimpleUnoApp.Shared\SimpleUnoApp.Shared.projitems*{865b58b2-ee03-46ee-8ab3-7e989b723469}*SharedItemsImports = 5
		SimpleUnoApp\SimpleUnoApp.Shared\SimpleUnoApp.Shared.projitems*{ba0574c5-de52-4e56-9455-0fe3b2b3c2c8}*SharedItemsImports = 4
		SimpleUnoApp\SimpleUnoApp.Shared\SimpleUnoApp.Shared.projitems*{be97fe75-614b-46a7-a612-86ac9efcbbef}*SharedItemsImports = 5
		SimpleUnoApp\SimpleUnoApp.Shared\SimpleUnoApp.Shared.projitems*{bfd2d72a-4e7c-41fb-8487-4bb56fe71ff1}*SharedItemsImports = 5
		SimpleUnoApp\SimpleUnoApp.Shared\SimpleUnoApp.Shared.projitems*{edf24997-9b24-48ff-b668-902814233950}*SharedItemsImports = 4
	EndGlobalSection
	GlobalSection(SolutionConfigurationPlatforms) = preSolution
		Ad-Hoc|Any CPU = Ad-Hoc|Any CPU
		Ad-Hoc|ARM = Ad-Hoc|ARM
		Ad-Hoc|ARM64 = Ad-Hoc|ARM64
		Ad-Hoc|iPhone = Ad-Hoc|iPhone
		Ad-Hoc|iPhoneSimulator = Ad-Hoc|iPhoneSimulator
		Ad-Hoc|x64 = Ad-Hoc|x64
		Ad-Hoc|x86 = Ad-Hoc|x86
		AppStore|Any CPU = AppStore|Any CPU
		AppStore|ARM = AppStore|ARM
		AppStore|ARM64 = AppStore|ARM64
		AppStore|iPhone = AppStore|iPhone
		AppStore|iPhoneSimulator = AppStore|iPhoneSimulator
		AppStore|x64 = AppStore|x64
		AppStore|x86 = AppStore|x86
		Debug|Any CPU = Debug|Any CPU
		Debug|ARM = Debug|ARM
		Debug|ARM64 = Debug|ARM64
		Debug|iPhone = Debug|iPhone
		Debug|iPhoneSimulator = Debug|iPhoneSimulator
		Debug|x64 = Debug|x64
		Debug|x86 = Debug|x86
		Release|Any CPU = Release|Any CPU
		Release|ARM = Release|ARM
		Release|ARM64 = Release|ARM64
		Release|iPhone = Release|iPhone
		Release|iPhoneSimulator = Release|iPhoneSimulator
		Release|x64 = Release|x64
		Release|x86 = Release|x86
	EndGlobalSection
	GlobalSection(ProjectConfigurationPlatforms) = postSolution
		{BA0574C5-DE52-4E56-9455-0FE3B2B3C2C8}.Ad-Hoc|Any CPU.ActiveCfg = Debug|Any CPU
		{BA0574C5-DE52-4E56-9455-0FE3B2B3C2C8}.Ad-Hoc|Any CPU.Build.0 = Debug|Any CPU
		{BA0574C5-DE52-4E56-9455-0FE3B2B3C2C8}.Ad-Hoc|Any CPU.Deploy.0 = Debug|Any CPU
		{BA0574C5-DE52-4E56-9455-0FE3B2B3C2C8}.Ad-Hoc|ARM.ActiveCfg = Debug|Any CPU
		{BA0574C5-DE52-4E56-9455-0FE3B2B3C2C8}.Ad-Hoc|ARM.Build.0 = Debug|Any CPU
		{BA0574C5-DE52-4E56-9455-0FE3B2B3C2C8}.Ad-Hoc|ARM.Deploy.0 = Debug|Any CPU
		{BA0574C5-DE52-4E56-9455-0FE3B2B3C2C8}.Ad-Hoc|ARM64.ActiveCfg = Debug|Any CPU
		{BA0574C5-DE52-4E56-9455-0FE3B2B3C2C8}.Ad-Hoc|ARM64.Build.0 = Debug|Any CPU
		{BA0574C5-DE52-4E56-9455-0FE3B2B3C2C8}.Ad-Hoc|ARM64.Deploy.0 = Debug|Any CPU
		{BA0574C5-DE52-4E56-9455-0FE3B2B3C2C8}.Ad-Hoc|iPhone.ActiveCfg = Debug|Any CPU
		{BA0574C5-DE52-4E56-9455-0FE3B2B3C2C8}.Ad-Hoc|iPhone.Build.0 = Debug|Any CPU
		{BA0574C5-DE52-4E56-9455-0FE3B2B3C2C8}.Ad-Hoc|iPhone.Deploy.0 = Debug|Any CPU
		{BA0574C5-DE52-4E56-9455-0FE3B2B3C2C8}.Ad-Hoc|iPhoneSimulator.ActiveCfg = Debug|Any CPU
		{BA0574C5-DE52-4E56-9455-0FE3B2B3C2C8}.Ad-Hoc|iPhoneSimulator.Build.0 = Debug|Any CPU
		{BA0574C5-DE52-4E56-9455-0FE3B2B3C2C8}.Ad-Hoc|iPhoneSimulator.Deploy.0 = Debug|Any CPU
		{BA0574C5-DE52-4E56-9455-0FE3B2B3C2C8}.Ad-Hoc|x64.ActiveCfg = Debug|Any CPU
		{BA0574C5-DE52-4E56-9455-0FE3B2B3C2C8}.Ad-Hoc|x64.Build.0 = Debug|Any CPU
		{BA0574C5-DE52-4E56-9455-0FE3B2B3C2C8}.Ad-Hoc|x64.Deploy.0 = Debug|Any CPU
		{BA0574C5-DE52-4E56-9455-0FE3B2B3C2C8}.Ad-Hoc|x86.ActiveCfg = Debug|Any CPU
		{BA0574C5-DE52-4E56-9455-0FE3B2B3C2C8}.Ad-Hoc|x86.Build.0 = Debug|Any CPU
		{BA0574C5-DE52-4E56-9455-0FE3B2B3C2C8}.Ad-Hoc|x86.Deploy.0 = Debug|Any CPU
		{BA0574C5-DE52-4E56-9455-0FE3B2B3C2C8}.AppStore|Any CPU.ActiveCfg = Debug|Any CPU
		{BA0574C5-DE52-4E56-9455-0FE3B2B3C2C8}.AppStore|Any CPU.Build.0 = Debug|Any CPU
		{BA0574C5-DE52-4E56-9455-0FE3B2B3C2C8}.AppStore|Any CPU.Deploy.0 = Debug|Any CPU
		{BA0574C5-DE52-4E56-9455-0FE3B2B3C2C8}.AppStore|ARM.ActiveCfg = Debug|Any CPU
		{BA0574C5-DE52-4E56-9455-0FE3B2B3C2C8}.AppStore|ARM.Build.0 = Debug|Any CPU
		{BA0574C5-DE52-4E56-9455-0FE3B2B3C2C8}.AppStore|ARM.Deploy.0 = Debug|Any CPU
		{BA0574C5-DE52-4E56-9455-0FE3B2B3C2C8}.AppStore|ARM64.ActiveCfg = Debug|Any CPU
		{BA0574C5-DE52-4E56-9455-0FE3B2B3C2C8}.AppStore|ARM64.Build.0 = Debug|Any CPU
		{BA0574C5-DE52-4E56-9455-0FE3B2B3C2C8}.AppStore|ARM64.Deploy.0 = Debug|Any CPU
		{BA0574C5-DE52-4E56-9455-0FE3B2B3C2C8}.AppStore|iPhone.ActiveCfg = Debug|Any CPU
		{BA0574C5-DE52-4E56-9455-0FE3B2B3C2C8}.AppStore|iPhone.Build.0 = Debug|Any CPU
		{BA0574C5-DE52-4E56-9455-0FE3B2B3C2C8}.AppStore|iPhone.Deploy.0 = Debug|Any CPU
		{BA0574C5-DE52-4E56-9455-0FE3B2B3C2C8}.AppStore|iPhoneSimulator.ActiveCfg = Debug|Any CPU
		{BA0574C5-DE52-4E56-9455-0FE3B2B3C2C8}.AppStore|iPhoneSimulator.Build.0 = Debug|Any CPU
		{BA0574C5-DE52-4E56-9455-0FE3B2B3C2C8}.AppStore|iPhoneSimulator.Deploy.0 = Debug|Any CPU
		{BA0574C5-DE52-4E56-9455-0FE3B2B3C2C8}.AppStore|x64.ActiveCfg = Debug|Any CPU
		{BA0574C5-DE52-4E56-9455-0FE3B2B3C2C8}.AppStore|x64.Build.0 = Debug|Any CPU
		{BA0574C5-DE52-4E56-9455-0FE3B2B3C2C8}.AppStore|x64.Deploy.0 = Debug|Any CPU
		{BA0574C5-DE52-4E56-9455-0FE3B2B3C2C8}.AppStore|x86.ActiveCfg = Debug|Any CPU
		{BA0574C5-DE52-4E56-9455-0FE3B2B3C2C8}.AppStore|x86.Build.0 = Debug|Any CPU
		{BA0574C5-DE52-4E56-9455-0FE3B2B3C2C8}.AppStore|x86.Deploy.0 = Debug|Any CPU
		{BA0574C5-DE52-4E56-9455-0FE3B2B3C2C8}.Debug|Any CPU.ActiveCfg = Debug|Any CPU
		{BA0574C5-DE52-4E56-9455-0FE3B2B3C2C8}.Debug|Any CPU.Build.0 = Debug|Any CPU
		{BA0574C5-DE52-4E56-9455-0FE3B2B3C2C8}.Debug|Any CPU.Deploy.0 = Debug|Any CPU
		{BA0574C5-DE52-4E56-9455-0FE3B2B3C2C8}.Debug|ARM.ActiveCfg = Debug|Any CPU
		{BA0574C5-DE52-4E56-9455-0FE3B2B3C2C8}.Debug|ARM.Build.0 = Debug|Any CPU
		{BA0574C5-DE52-4E56-9455-0FE3B2B3C2C8}.Debug|ARM.Deploy.0 = Debug|Any CPU
		{BA0574C5-DE52-4E56-9455-0FE3B2B3C2C8}.Debug|ARM64.ActiveCfg = Debug|Any CPU
		{BA0574C5-DE52-4E56-9455-0FE3B2B3C2C8}.Debug|ARM64.Build.0 = Debug|Any CPU
		{BA0574C5-DE52-4E56-9455-0FE3B2B3C2C8}.Debug|ARM64.Deploy.0 = Debug|Any CPU
		{BA0574C5-DE52-4E56-9455-0FE3B2B3C2C8}.Debug|iPhone.ActiveCfg = Debug|Any CPU
		{BA0574C5-DE52-4E56-9455-0FE3B2B3C2C8}.Debug|iPhone.Build.0 = Debug|Any CPU
		{BA0574C5-DE52-4E56-9455-0FE3B2B3C2C8}.Debug|iPhone.Deploy.0 = Debug|Any CPU
		{BA0574C5-DE52-4E56-9455-0FE3B2B3C2C8}.Debug|iPhoneSimulator.ActiveCfg = Debug|Any CPU
		{BA0574C5-DE52-4E56-9455-0FE3B2B3C2C8}.Debug|iPhoneSimulator.Build.0 = Debug|Any CPU
		{BA0574C5-DE52-4E56-9455-0FE3B2B3C2C8}.Debug|iPhoneSimulator.Deploy.0 = Debug|Any CPU
		{BA0574C5-DE52-4E56-9455-0FE3B2B3C2C8}.Debug|x64.ActiveCfg = Debug|Any CPU
		{BA0574C5-DE52-4E56-9455-0FE3B2B3C2C8}.Debug|x64.Build.0 = Debug|Any CPU
		{BA0574C5-DE52-4E56-9455-0FE3B2B3C2C8}.Debug|x64.Deploy.0 = Debug|Any CPU
		{BA0574C5-DE52-4E56-9455-0FE3B2B3C2C8}.Debug|x86.ActiveCfg = Debug|Any CPU
		{BA0574C5-DE52-4E56-9455-0FE3B2B3C2C8}.Debug|x86.Build.0 = Debug|Any CPU
		{BA0574C5-DE52-4E56-9455-0FE3B2B3C2C8}.Debug|x86.Deploy.0 = Debug|Any CPU
		{BA0574C5-DE52-4E56-9455-0FE3B2B3C2C8}.Release|Any CPU.ActiveCfg = Release|Any CPU
		{BA0574C5-DE52-4E56-9455-0FE3B2B3C2C8}.Release|Any CPU.Build.0 = Release|Any CPU
		{BA0574C5-DE52-4E56-9455-0FE3B2B3C2C8}.Release|Any CPU.Deploy.0 = Release|Any CPU
		{BA0574C5-DE52-4E56-9455-0FE3B2B3C2C8}.Release|ARM.ActiveCfg = Release|Any CPU
		{BA0574C5-DE52-4E56-9455-0FE3B2B3C2C8}.Release|ARM.Build.0 = Release|Any CPU
		{BA0574C5-DE52-4E56-9455-0FE3B2B3C2C8}.Release|ARM.Deploy.0 = Release|Any CPU
		{BA0574C5-DE52-4E56-9455-0FE3B2B3C2C8}.Release|ARM64.ActiveCfg = Release|Any CPU
		{BA0574C5-DE52-4E56-9455-0FE3B2B3C2C8}.Release|ARM64.Build.0 = Release|Any CPU
		{BA0574C5-DE52-4E56-9455-0FE3B2B3C2C8}.Release|ARM64.Deploy.0 = Release|Any CPU
		{BA0574C5-DE52-4E56-9455-0FE3B2B3C2C8}.Release|iPhone.ActiveCfg = Release|Any CPU
		{BA0574C5-DE52-4E56-9455-0FE3B2B3C2C8}.Release|iPhone.Build.0 = Release|Any CPU
		{BA0574C5-DE52-4E56-9455-0FE3B2B3C2C8}.Release|iPhone.Deploy.0 = Release|Any CPU
		{BA0574C5-DE52-4E56-9455-0FE3B2B3C2C8}.Release|iPhoneSimulator.ActiveCfg = Release|Any CPU
		{BA0574C5-DE52-4E56-9455-0FE3B2B3C2C8}.Release|iPhoneSimulator.Build.0 = Release|Any CPU
		{BA0574C5-DE52-4E56-9455-0FE3B2B3C2C8}.Release|iPhoneSimulator.Deploy.0 = Release|Any CPU
		{BA0574C5-DE52-4E56-9455-0FE3B2B3C2C8}.Release|x64.ActiveCfg = Release|Any CPU
		{BA0574C5-DE52-4E56-9455-0FE3B2B3C2C8}.Release|x64.Build.0 = Release|Any CPU
		{BA0574C5-DE52-4E56-9455-0FE3B2B3C2C8}.Release|x64.Deploy.0 = Release|Any CPU
		{BA0574C5-DE52-4E56-9455-0FE3B2B3C2C8}.Release|x86.ActiveCfg = Release|Any CPU
		{BA0574C5-DE52-4E56-9455-0FE3B2B3C2C8}.Release|x86.Build.0 = Release|Any CPU
		{BA0574C5-DE52-4E56-9455-0FE3B2B3C2C8}.Release|x86.Deploy.0 = Release|Any CPU
		{426FBD2D-4159-44C6-934F-AE28F07F3D8D}.Ad-Hoc|Any CPU.ActiveCfg = Ad-Hoc|iPhoneSimulator
		{426FBD2D-4159-44C6-934F-AE28F07F3D8D}.Ad-Hoc|Any CPU.Build.0 = Ad-Hoc|iPhoneSimulator
		{426FBD2D-4159-44C6-934F-AE28F07F3D8D}.Ad-Hoc|ARM.ActiveCfg = Ad-Hoc|iPhoneSimulator
		{426FBD2D-4159-44C6-934F-AE28F07F3D8D}.Ad-Hoc|ARM.Build.0 = Ad-Hoc|iPhoneSimulator
		{426FBD2D-4159-44C6-934F-AE28F07F3D8D}.Ad-Hoc|ARM64.ActiveCfg = Ad-Hoc|iPhoneSimulator
		{426FBD2D-4159-44C6-934F-AE28F07F3D8D}.Ad-Hoc|ARM64.Build.0 = Ad-Hoc|iPhoneSimulator
		{426FBD2D-4159-44C6-934F-AE28F07F3D8D}.Ad-Hoc|iPhone.ActiveCfg = Ad-Hoc|iPhone
		{426FBD2D-4159-44C6-934F-AE28F07F3D8D}.Ad-Hoc|iPhone.Build.0 = Ad-Hoc|iPhone
		{426FBD2D-4159-44C6-934F-AE28F07F3D8D}.Ad-Hoc|iPhoneSimulator.ActiveCfg = Ad-Hoc|iPhoneSimulator
		{426FBD2D-4159-44C6-934F-AE28F07F3D8D}.Ad-Hoc|iPhoneSimulator.Build.0 = Ad-Hoc|iPhoneSimulator
		{426FBD2D-4159-44C6-934F-AE28F07F3D8D}.Ad-Hoc|x64.ActiveCfg = Ad-Hoc|iPhoneSimulator
		{426FBD2D-4159-44C6-934F-AE28F07F3D8D}.Ad-Hoc|x64.Build.0 = Ad-Hoc|iPhoneSimulator
		{426FBD2D-4159-44C6-934F-AE28F07F3D8D}.Ad-Hoc|x86.ActiveCfg = Ad-Hoc|iPhoneSimulator
		{426FBD2D-4159-44C6-934F-AE28F07F3D8D}.Ad-Hoc|x86.Build.0 = Ad-Hoc|iPhoneSimulator
		{426FBD2D-4159-44C6-934F-AE28F07F3D8D}.AppStore|Any CPU.ActiveCfg = AppStore|iPhoneSimulator
		{426FBD2D-4159-44C6-934F-AE28F07F3D8D}.AppStore|Any CPU.Build.0 = AppStore|iPhoneSimulator
		{426FBD2D-4159-44C6-934F-AE28F07F3D8D}.AppStore|ARM.ActiveCfg = AppStore|iPhoneSimulator
		{426FBD2D-4159-44C6-934F-AE28F07F3D8D}.AppStore|ARM.Build.0 = AppStore|iPhoneSimulator
		{426FBD2D-4159-44C6-934F-AE28F07F3D8D}.AppStore|ARM64.ActiveCfg = AppStore|iPhoneSimulator
		{426FBD2D-4159-44C6-934F-AE28F07F3D8D}.AppStore|ARM64.Build.0 = AppStore|iPhoneSimulator
		{426FBD2D-4159-44C6-934F-AE28F07F3D8D}.AppStore|iPhone.ActiveCfg = AppStore|iPhone
		{426FBD2D-4159-44C6-934F-AE28F07F3D8D}.AppStore|iPhone.Build.0 = AppStore|iPhone
		{426FBD2D-4159-44C6-934F-AE28F07F3D8D}.AppStore|iPhoneSimulator.ActiveCfg = AppStore|iPhoneSimulator
		{426FBD2D-4159-44C6-934F-AE28F07F3D8D}.AppStore|iPhoneSimulator.Build.0 = AppStore|iPhoneSimulator
		{426FBD2D-4159-44C6-934F-AE28F07F3D8D}.AppStore|x64.ActiveCfg = AppStore|iPhoneSimulator
		{426FBD2D-4159-44C6-934F-AE28F07F3D8D}.AppStore|x64.Build.0 = AppStore|iPhoneSimulator
		{426FBD2D-4159-44C6-934F-AE28F07F3D8D}.AppStore|x86.ActiveCfg = AppStore|iPhoneSimulator
		{426FBD2D-4159-44C6-934F-AE28F07F3D8D}.AppStore|x86.Build.0 = AppStore|iPhoneSimulator
		{426FBD2D-4159-44C6-934F-AE28F07F3D8D}.Debug|Any CPU.ActiveCfg = Debug|iPhoneSimulator
		{426FBD2D-4159-44C6-934F-AE28F07F3D8D}.Debug|Any CPU.Build.0 = Debug|iPhoneSimulator
		{426FBD2D-4159-44C6-934F-AE28F07F3D8D}.Debug|ARM.ActiveCfg = Debug|iPhoneSimulator
		{426FBD2D-4159-44C6-934F-AE28F07F3D8D}.Debug|ARM.Build.0 = Debug|iPhoneSimulator
		{426FBD2D-4159-44C6-934F-AE28F07F3D8D}.Debug|ARM64.ActiveCfg = Debug|iPhoneSimulator
		{426FBD2D-4159-44C6-934F-AE28F07F3D8D}.Debug|ARM64.Build.0 = Debug|iPhoneSimulator
		{426FBD2D-4159-44C6-934F-AE28F07F3D8D}.Debug|iPhone.ActiveCfg = Debug|iPhone
		{426FBD2D-4159-44C6-934F-AE28F07F3D8D}.Debug|iPhone.Build.0 = Debug|iPhone
		{426FBD2D-4159-44C6-934F-AE28F07F3D8D}.Debug|iPhoneSimulator.ActiveCfg = Debug|iPhoneSimulator
		{426FBD2D-4159-44C6-934F-AE28F07F3D8D}.Debug|iPhoneSimulator.Build.0 = Debug|iPhoneSimulator
		{426FBD2D-4159-44C6-934F-AE28F07F3D8D}.Debug|x64.ActiveCfg = Debug|iPhoneSimulator
		{426FBD2D-4159-44C6-934F-AE28F07F3D8D}.Debug|x64.Build.0 = Debug|iPhoneSimulator
		{426FBD2D-4159-44C6-934F-AE28F07F3D8D}.Debug|x86.ActiveCfg = Debug|iPhoneSimulator
		{426FBD2D-4159-44C6-934F-AE28F07F3D8D}.Debug|x86.Build.0 = Debug|iPhoneSimulator
		{426FBD2D-4159-44C6-934F-AE28F07F3D8D}.Release|Any CPU.ActiveCfg = Release|iPhoneSimulator
		{426FBD2D-4159-44C6-934F-AE28F07F3D8D}.Release|Any CPU.Build.0 = Release|iPhoneSimulator
		{426FBD2D-4159-44C6-934F-AE28F07F3D8D}.Release|ARM.ActiveCfg = Release|iPhoneSimulator
		{426FBD2D-4159-44C6-934F-AE28F07F3D8D}.Release|ARM.Build.0 = Release|iPhoneSimulator
		{426FBD2D-4159-44C6-934F-AE28F07F3D8D}.Release|ARM64.ActiveCfg = Release|iPhoneSimulator
		{426FBD2D-4159-44C6-934F-AE28F07F3D8D}.Release|ARM64.Build.0 = Release|iPhoneSimulator
		{426FBD2D-4159-44C6-934F-AE28F07F3D8D}.Release|iPhone.ActiveCfg = Release|iPhone
		{426FBD2D-4159-44C6-934F-AE28F07F3D8D}.Release|iPhone.Build.0 = Release|iPhone
		{426FBD2D-4159-44C6-934F-AE28F07F3D8D}.Release|iPhoneSimulator.ActiveCfg = Release|iPhoneSimulator
		{426FBD2D-4159-44C6-934F-AE28F07F3D8D}.Release|iPhoneSimulator.Build.0 = Release|iPhoneSimulator
		{426FBD2D-4159-44C6-934F-AE28F07F3D8D}.Release|x64.ActiveCfg = Release|iPhoneSimulator
		{426FBD2D-4159-44C6-934F-AE28F07F3D8D}.Release|x64.Build.0 = Release|iPhoneSimulator
		{426FBD2D-4159-44C6-934F-AE28F07F3D8D}.Release|x86.ActiveCfg = Release|iPhoneSimulator
		{426FBD2D-4159-44C6-934F-AE28F07F3D8D}.Release|x86.Build.0 = Release|iPhoneSimulator
		{EDF24997-9B24-48FF-B668-902814233950}.Ad-Hoc|Any CPU.ActiveCfg = Debug|x86
		{EDF24997-9B24-48FF-B668-902814233950}.Ad-Hoc|Any CPU.Build.0 = Debug|x86
		{EDF24997-9B24-48FF-B668-902814233950}.Ad-Hoc|Any CPU.Deploy.0 = Debug|x86
		{EDF24997-9B24-48FF-B668-902814233950}.Ad-Hoc|ARM.ActiveCfg = Debug|ARM
		{EDF24997-9B24-48FF-B668-902814233950}.Ad-Hoc|ARM.Build.0 = Debug|ARM
		{EDF24997-9B24-48FF-B668-902814233950}.Ad-Hoc|ARM.Deploy.0 = Debug|ARM
		{EDF24997-9B24-48FF-B668-902814233950}.Ad-Hoc|ARM64.ActiveCfg = Debug|ARM64
		{EDF24997-9B24-48FF-B668-902814233950}.Ad-Hoc|ARM64.Build.0 = Debug|ARM64
		{EDF24997-9B24-48FF-B668-902814233950}.Ad-Hoc|ARM64.Deploy.0 = Debug|ARM64
		{EDF24997-9B24-48FF-B668-902814233950}.Ad-Hoc|iPhone.ActiveCfg = Debug|x86
		{EDF24997-9B24-48FF-B668-902814233950}.Ad-Hoc|iPhone.Build.0 = Debug|x86
		{EDF24997-9B24-48FF-B668-902814233950}.Ad-Hoc|iPhone.Deploy.0 = Debug|x86
		{EDF24997-9B24-48FF-B668-902814233950}.Ad-Hoc|iPhoneSimulator.ActiveCfg = Debug|x86
		{EDF24997-9B24-48FF-B668-902814233950}.Ad-Hoc|iPhoneSimulator.Build.0 = Debug|x86
		{EDF24997-9B24-48FF-B668-902814233950}.Ad-Hoc|iPhoneSimulator.Deploy.0 = Debug|x86
		{EDF24997-9B24-48FF-B668-902814233950}.Ad-Hoc|x64.ActiveCfg = Debug|x64
		{EDF24997-9B24-48FF-B668-902814233950}.Ad-Hoc|x64.Build.0 = Debug|x64
		{EDF24997-9B24-48FF-B668-902814233950}.Ad-Hoc|x64.Deploy.0 = Debug|x64
		{EDF24997-9B24-48FF-B668-902814233950}.Ad-Hoc|x86.ActiveCfg = Debug|x86
		{EDF24997-9B24-48FF-B668-902814233950}.Ad-Hoc|x86.Build.0 = Debug|x86
		{EDF24997-9B24-48FF-B668-902814233950}.Ad-Hoc|x86.Deploy.0 = Debug|x86
		{EDF24997-9B24-48FF-B668-902814233950}.AppStore|Any CPU.ActiveCfg = Debug|x86
		{EDF24997-9B24-48FF-B668-902814233950}.AppStore|Any CPU.Build.0 = Debug|x86
		{EDF24997-9B24-48FF-B668-902814233950}.AppStore|Any CPU.Deploy.0 = Debug|x86
		{EDF24997-9B24-48FF-B668-902814233950}.AppStore|ARM.ActiveCfg = Debug|ARM
		{EDF24997-9B24-48FF-B668-902814233950}.AppStore|ARM.Build.0 = Debug|ARM
		{EDF24997-9B24-48FF-B668-902814233950}.AppStore|ARM.Deploy.0 = Debug|ARM
		{EDF24997-9B24-48FF-B668-902814233950}.AppStore|ARM64.ActiveCfg = Debug|ARM64
		{EDF24997-9B24-48FF-B668-902814233950}.AppStore|ARM64.Build.0 = Debug|ARM64
		{EDF24997-9B24-48FF-B668-902814233950}.AppStore|ARM64.Deploy.0 = Debug|ARM64
		{EDF24997-9B24-48FF-B668-902814233950}.AppStore|iPhone.ActiveCfg = Debug|x86
		{EDF24997-9B24-48FF-B668-902814233950}.AppStore|iPhone.Build.0 = Debug|x86
		{EDF24997-9B24-48FF-B668-902814233950}.AppStore|iPhone.Deploy.0 = Debug|x86
		{EDF24997-9B24-48FF-B668-902814233950}.AppStore|iPhoneSimulator.ActiveCfg = Debug|x86
		{EDF24997-9B24-48FF-B668-902814233950}.AppStore|iPhoneSimulator.Build.0 = Debug|x86
		{EDF24997-9B24-48FF-B668-902814233950}.AppStore|iPhoneSimulator.Deploy.0 = Debug|x86
		{EDF24997-9B24-48FF-B668-902814233950}.AppStore|x64.ActiveCfg = Debug|x64
		{EDF24997-9B24-48FF-B668-902814233950}.AppStore|x64.Build.0 = Debug|x64
		{EDF24997-9B24-48FF-B668-902814233950}.AppStore|x64.Deploy.0 = Debug|x64
		{EDF24997-9B24-48FF-B668-902814233950}.AppStore|x86.ActiveCfg = Debug|x86
		{EDF24997-9B24-48FF-B668-902814233950}.AppStore|x86.Build.0 = Debug|x86
		{EDF24997-9B24-48FF-B668-902814233950}.AppStore|x86.Deploy.0 = Debug|x86
		{EDF24997-9B24-48FF-B668-902814233950}.Debug|Any CPU.ActiveCfg = Debug|x64
		{EDF24997-9B24-48FF-B668-902814233950}.Debug|Any CPU.Build.0 = Debug|x64
		{EDF24997-9B24-48FF-B668-902814233950}.Debug|Any CPU.Deploy.0 = Debug|x64
		{EDF24997-9B24-48FF-B668-902814233950}.Debug|ARM.ActiveCfg = Debug|ARM
		{EDF24997-9B24-48FF-B668-902814233950}.Debug|ARM.Build.0 = Debug|ARM
		{EDF24997-9B24-48FF-B668-902814233950}.Debug|ARM.Deploy.0 = Debug|ARM
		{EDF24997-9B24-48FF-B668-902814233950}.Debug|ARM64.ActiveCfg = Debug|ARM64
		{EDF24997-9B24-48FF-B668-902814233950}.Debug|ARM64.Build.0 = Debug|ARM64
		{EDF24997-9B24-48FF-B668-902814233950}.Debug|ARM64.Deploy.0 = Debug|ARM64
		{EDF24997-9B24-48FF-B668-902814233950}.Debug|iPhone.ActiveCfg = Debug|x64
		{EDF24997-9B24-48FF-B668-902814233950}.Debug|iPhone.Build.0 = Debug|x64
		{EDF24997-9B24-48FF-B668-902814233950}.Debug|iPhone.Deploy.0 = Debug|x64
		{EDF24997-9B24-48FF-B668-902814233950}.Debug|iPhoneSimulator.ActiveCfg = Debug|x64
		{EDF24997-9B24-48FF-B668-902814233950}.Debug|iPhoneSimulator.Build.0 = Debug|x64
		{EDF24997-9B24-48FF-B668-902814233950}.Debug|iPhoneSimulator.Deploy.0 = Debug|x64
		{EDF24997-9B24-48FF-B668-902814233950}.Debug|x64.ActiveCfg = Debug|x64
		{EDF24997-9B24-48FF-B668-902814233950}.Debug|x64.Build.0 = Debug|x64
		{EDF24997-9B24-48FF-B668-902814233950}.Debug|x64.Deploy.0 = Debug|x64
		{EDF24997-9B24-48FF-B668-902814233950}.Debug|x86.ActiveCfg = Debug|x86
		{EDF24997-9B24-48FF-B668-902814233950}.Debug|x86.Build.0 = Debug|x86
		{EDF24997-9B24-48FF-B668-902814233950}.Debug|x86.Deploy.0 = Debug|x86
		{EDF24997-9B24-48FF-B668-902814233950}.Release|Any CPU.ActiveCfg = Release|x64
		{EDF24997-9B24-48FF-B668-902814233950}.Release|Any CPU.Build.0 = Release|x64
		{EDF24997-9B24-48FF-B668-902814233950}.Release|Any CPU.Deploy.0 = Release|x64
		{EDF24997-9B24-48FF-B668-902814233950}.Release|ARM.ActiveCfg = Release|ARM
		{EDF24997-9B24-48FF-B668-902814233950}.Release|ARM.Build.0 = Release|ARM
		{EDF24997-9B24-48FF-B668-902814233950}.Release|ARM.Deploy.0 = Release|ARM
		{EDF24997-9B24-48FF-B668-902814233950}.Release|ARM64.ActiveCfg = Release|ARM64
		{EDF24997-9B24-48FF-B668-902814233950}.Release|ARM64.Build.0 = Release|ARM64
		{EDF24997-9B24-48FF-B668-902814233950}.Release|ARM64.Deploy.0 = Release|ARM64
		{EDF24997-9B24-48FF-B668-902814233950}.Release|iPhone.ActiveCfg = Release|x64
		{EDF24997-9B24-48FF-B668-902814233950}.Release|iPhone.Build.0 = Release|x64
		{EDF24997-9B24-48FF-B668-902814233950}.Release|iPhone.Deploy.0 = Release|x64
		{EDF24997-9B24-48FF-B668-902814233950}.Release|iPhoneSimulator.ActiveCfg = Release|x64
		{EDF24997-9B24-48FF-B668-902814233950}.Release|iPhoneSimulator.Build.0 = Release|x64
		{EDF24997-9B24-48FF-B668-902814233950}.Release|iPhoneSimulator.Deploy.0 = Release|x64
		{EDF24997-9B24-48FF-B668-902814233950}.Release|x64.ActiveCfg = Release|x64
		{EDF24997-9B24-48FF-B668-902814233950}.Release|x64.Build.0 = Release|x64
		{EDF24997-9B24-48FF-B668-902814233950}.Release|x64.Deploy.0 = Release|x64
		{EDF24997-9B24-48FF-B668-902814233950}.Release|x86.ActiveCfg = Release|x86
		{EDF24997-9B24-48FF-B668-902814233950}.Release|x86.Build.0 = Release|x86
		{EDF24997-9B24-48FF-B668-902814233950}.Release|x86.Deploy.0 = Release|x86
		{865B58B2-EE03-46EE-8AB3-7E989B723469}.Ad-Hoc|Any CPU.ActiveCfg = Debug|Any CPU
		{865B58B2-EE03-46EE-8AB3-7E989B723469}.Ad-Hoc|Any CPU.Build.0 = Debug|Any CPU
		{865B58B2-EE03-46EE-8AB3-7E989B723469}.Ad-Hoc|ARM.ActiveCfg = Debug|Any CPU
		{865B58B2-EE03-46EE-8AB3-7E989B723469}.Ad-Hoc|ARM.Build.0 = Debug|Any CPU
		{865B58B2-EE03-46EE-8AB3-7E989B723469}.Ad-Hoc|ARM64.ActiveCfg = Debug|Any CPU
		{865B58B2-EE03-46EE-8AB3-7E989B723469}.Ad-Hoc|ARM64.Build.0 = Debug|Any CPU
		{865B58B2-EE03-46EE-8AB3-7E989B723469}.Ad-Hoc|iPhone.ActiveCfg = Debug|Any CPU
		{865B58B2-EE03-46EE-8AB3-7E989B723469}.Ad-Hoc|iPhone.Build.0 = Debug|Any CPU
		{865B58B2-EE03-46EE-8AB3-7E989B723469}.Ad-Hoc|iPhoneSimulator.ActiveCfg = Debug|Any CPU
		{865B58B2-EE03-46EE-8AB3-7E989B723469}.Ad-Hoc|iPhoneSimulator.Build.0 = Debug|Any CPU
		{865B58B2-EE03-46EE-8AB3-7E989B723469}.Ad-Hoc|x64.ActiveCfg = Debug|Any CPU
		{865B58B2-EE03-46EE-8AB3-7E989B723469}.Ad-Hoc|x64.Build.0 = Debug|Any CPU
		{865B58B2-EE03-46EE-8AB3-7E989B723469}.Ad-Hoc|x86.ActiveCfg = Debug|Any CPU
		{865B58B2-EE03-46EE-8AB3-7E989B723469}.Ad-Hoc|x86.Build.0 = Debug|Any CPU
		{865B58B2-EE03-46EE-8AB3-7E989B723469}.AppStore|Any CPU.ActiveCfg = Debug|Any CPU
		{865B58B2-EE03-46EE-8AB3-7E989B723469}.AppStore|Any CPU.Build.0 = Debug|Any CPU
		{865B58B2-EE03-46EE-8AB3-7E989B723469}.AppStore|ARM.ActiveCfg = Debug|Any CPU
		{865B58B2-EE03-46EE-8AB3-7E989B723469}.AppStore|ARM.Build.0 = Debug|Any CPU
		{865B58B2-EE03-46EE-8AB3-7E989B723469}.AppStore|ARM64.ActiveCfg = Debug|Any CPU
		{865B58B2-EE03-46EE-8AB3-7E989B723469}.AppStore|ARM64.Build.0 = Debug|Any CPU
		{865B58B2-EE03-46EE-8AB3-7E989B723469}.AppStore|iPhone.ActiveCfg = Debug|Any CPU
		{865B58B2-EE03-46EE-8AB3-7E989B723469}.AppStore|iPhone.Build.0 = Debug|Any CPU
		{865B58B2-EE03-46EE-8AB3-7E989B723469}.AppStore|iPhoneSimulator.ActiveCfg = Debug|Any CPU
		{865B58B2-EE03-46EE-8AB3-7E989B723469}.AppStore|iPhoneSimulator.Build.0 = Debug|Any CPU
		{865B58B2-EE03-46EE-8AB3-7E989B723469}.AppStore|x64.ActiveCfg = Debug|Any CPU
		{865B58B2-EE03-46EE-8AB3-7E989B723469}.AppStore|x64.Build.0 = Debug|Any CPU
		{865B58B2-EE03-46EE-8AB3-7E989B723469}.AppStore|x86.ActiveCfg = Debug|Any CPU
		{865B58B2-EE03-46EE-8AB3-7E989B723469}.AppStore|x86.Build.0 = Debug|Any CPU
		{865B58B2-EE03-46EE-8AB3-7E989B723469}.Debug|Any CPU.ActiveCfg = Debug|Any CPU
		{865B58B2-EE03-46EE-8AB3-7E989B723469}.Debug|Any CPU.Build.0 = Debug|Any CPU
		{865B58B2-EE03-46EE-8AB3-7E989B723469}.Debug|ARM.ActiveCfg = Debug|Any CPU
		{865B58B2-EE03-46EE-8AB3-7E989B723469}.Debug|ARM.Build.0 = Debug|Any CPU
		{865B58B2-EE03-46EE-8AB3-7E989B723469}.Debug|ARM64.ActiveCfg = Debug|Any CPU
		{865B58B2-EE03-46EE-8AB3-7E989B723469}.Debug|ARM64.Build.0 = Debug|Any CPU
		{865B58B2-EE03-46EE-8AB3-7E989B723469}.Debug|iPhone.ActiveCfg = Debug|Any CPU
		{865B58B2-EE03-46EE-8AB3-7E989B723469}.Debug|iPhone.Build.0 = Debug|Any CPU
		{865B58B2-EE03-46EE-8AB3-7E989B723469}.Debug|iPhoneSimulator.ActiveCfg = Debug|Any CPU
		{865B58B2-EE03-46EE-8AB3-7E989B723469}.Debug|iPhoneSimulator.Build.0 = Debug|Any CPU
		{865B58B2-EE03-46EE-8AB3-7E989B723469}.Debug|x64.ActiveCfg = Debug|Any CPU
		{865B58B2-EE03-46EE-8AB3-7E989B723469}.Debug|x64.Build.0 = Debug|Any CPU
		{865B58B2-EE03-46EE-8AB3-7E989B723469}.Debug|x86.ActiveCfg = Debug|Any CPU
		{865B58B2-EE03-46EE-8AB3-7E989B723469}.Debug|x86.Build.0 = Debug|Any CPU
		{865B58B2-EE03-46EE-8AB3-7E989B723469}.Release|Any CPU.ActiveCfg = Release|Any CPU
		{865B58B2-EE03-46EE-8AB3-7E989B723469}.Release|Any CPU.Build.0 = Release|Any CPU
		{865B58B2-EE03-46EE-8AB3-7E989B723469}.Release|ARM.ActiveCfg = Release|Any CPU
		{865B58B2-EE03-46EE-8AB3-7E989B723469}.Release|ARM.Build.0 = Release|Any CPU
		{865B58B2-EE03-46EE-8AB3-7E989B723469}.Release|ARM64.ActiveCfg = Release|Any CPU
		{865B58B2-EE03-46EE-8AB3-7E989B723469}.Release|ARM64.Build.0 = Release|Any CPU
		{865B58B2-EE03-46EE-8AB3-7E989B723469}.Release|iPhone.ActiveCfg = Release|Any CPU
		{865B58B2-EE03-46EE-8AB3-7E989B723469}.Release|iPhone.Build.0 = Release|Any CPU
		{865B58B2-EE03-46EE-8AB3-7E989B723469}.Release|iPhoneSimulator.ActiveCfg = Release|Any CPU
		{865B58B2-EE03-46EE-8AB3-7E989B723469}.Release|iPhoneSimulator.Build.0 = Release|Any CPU
		{865B58B2-EE03-46EE-8AB3-7E989B723469}.Release|x64.ActiveCfg = Release|Any CPU
		{865B58B2-EE03-46EE-8AB3-7E989B723469}.Release|x64.Build.0 = Release|Any CPU
		{865B58B2-EE03-46EE-8AB3-7E989B723469}.Release|x86.ActiveCfg = Release|Any CPU
		{865B58B2-EE03-46EE-8AB3-7E989B723469}.Release|x86.Build.0 = Release|Any CPU
		{5AB8B03D-1E00-4CF8-9B16-AA62B1CB0306}.Ad-Hoc|Any CPU.ActiveCfg = Debug|iPhoneSimulator
		{5AB8B03D-1E00-4CF8-9B16-AA62B1CB0306}.Ad-Hoc|Any CPU.Build.0 = Debug|iPhoneSimulator
		{5AB8B03D-1E00-4CF8-9B16-AA62B1CB0306}.Ad-Hoc|ARM.ActiveCfg = Debug|iPhoneSimulator
		{5AB8B03D-1E00-4CF8-9B16-AA62B1CB0306}.Ad-Hoc|ARM.Build.0 = Debug|iPhoneSimulator
		{5AB8B03D-1E00-4CF8-9B16-AA62B1CB0306}.Ad-Hoc|ARM64.ActiveCfg = Debug|iPhoneSimulator
		{5AB8B03D-1E00-4CF8-9B16-AA62B1CB0306}.Ad-Hoc|ARM64.Build.0 = Debug|iPhoneSimulator
		{5AB8B03D-1E00-4CF8-9B16-AA62B1CB0306}.Ad-Hoc|iPhone.ActiveCfg = Debug|iPhoneSimulator
		{5AB8B03D-1E00-4CF8-9B16-AA62B1CB0306}.Ad-Hoc|iPhone.Build.0 = Debug|iPhoneSimulator
		{5AB8B03D-1E00-4CF8-9B16-AA62B1CB0306}.Ad-Hoc|iPhoneSimulator.ActiveCfg = Debug|iPhoneSimulator
		{5AB8B03D-1E00-4CF8-9B16-AA62B1CB0306}.Ad-Hoc|iPhoneSimulator.Build.0 = Debug|iPhoneSimulator
		{5AB8B03D-1E00-4CF8-9B16-AA62B1CB0306}.Ad-Hoc|x64.ActiveCfg = Debug|iPhoneSimulator
		{5AB8B03D-1E00-4CF8-9B16-AA62B1CB0306}.Ad-Hoc|x64.Build.0 = Debug|iPhoneSimulator
		{5AB8B03D-1E00-4CF8-9B16-AA62B1CB0306}.Ad-Hoc|x86.ActiveCfg = Debug|iPhoneSimulator
		{5AB8B03D-1E00-4CF8-9B16-AA62B1CB0306}.Ad-Hoc|x86.Build.0 = Debug|iPhoneSimulator
		{5AB8B03D-1E00-4CF8-9B16-AA62B1CB0306}.AppStore|Any CPU.ActiveCfg = Debug|iPhoneSimulator
		{5AB8B03D-1E00-4CF8-9B16-AA62B1CB0306}.AppStore|Any CPU.Build.0 = Debug|iPhoneSimulator
		{5AB8B03D-1E00-4CF8-9B16-AA62B1CB0306}.AppStore|ARM.ActiveCfg = Debug|iPhoneSimulator
		{5AB8B03D-1E00-4CF8-9B16-AA62B1CB0306}.AppStore|ARM.Build.0 = Debug|iPhoneSimulator
		{5AB8B03D-1E00-4CF8-9B16-AA62B1CB0306}.AppStore|ARM64.ActiveCfg = Debug|iPhoneSimulator
		{5AB8B03D-1E00-4CF8-9B16-AA62B1CB0306}.AppStore|ARM64.Build.0 = Debug|iPhoneSimulator
		{5AB8B03D-1E00-4CF8-9B16-AA62B1CB0306}.AppStore|iPhone.ActiveCfg = Debug|iPhoneSimulator
		{5AB8B03D-1E00-4CF8-9B16-AA62B1CB0306}.AppStore|iPhone.Build.0 = Debug|iPhoneSimulator
		{5AB8B03D-1E00-4CF8-9B16-AA62B1CB0306}.AppStore|iPhoneSimulator.ActiveCfg = Debug|iPhoneSimulator
		{5AB8B03D-1E00-4CF8-9B16-AA62B1CB0306}.AppStore|iPhoneSimulator.Build.0 = Debug|iPhoneSimulator
		{5AB8B03D-1E00-4CF8-9B16-AA62B1CB0306}.AppStore|x64.ActiveCfg = Debug|iPhoneSimulator
		{5AB8B03D-1E00-4CF8-9B16-AA62B1CB0306}.AppStore|x64.Build.0 = Debug|iPhoneSimulator
		{5AB8B03D-1E00-4CF8-9B16-AA62B1CB0306}.AppStore|x86.ActiveCfg = Debug|iPhoneSimulator
		{5AB8B03D-1E00-4CF8-9B16-AA62B1CB0306}.AppStore|x86.Build.0 = Debug|iPhoneSimulator
		{5AB8B03D-1E00-4CF8-9B16-AA62B1CB0306}.Debug|Any CPU.ActiveCfg = Debug|iPhoneSimulator
		{5AB8B03D-1E00-4CF8-9B16-AA62B1CB0306}.Debug|Any CPU.Build.0 = Debug|iPhoneSimulator
		{5AB8B03D-1E00-4CF8-9B16-AA62B1CB0306}.Debug|ARM.ActiveCfg = Debug|iPhoneSimulator
		{5AB8B03D-1E00-4CF8-9B16-AA62B1CB0306}.Debug|ARM.Build.0 = Debug|iPhoneSimulator
		{5AB8B03D-1E00-4CF8-9B16-AA62B1CB0306}.Debug|ARM64.ActiveCfg = Debug|iPhoneSimulator
		{5AB8B03D-1E00-4CF8-9B16-AA62B1CB0306}.Debug|ARM64.Build.0 = Debug|iPhoneSimulator
		{5AB8B03D-1E00-4CF8-9B16-AA62B1CB0306}.Debug|iPhone.ActiveCfg = Debug|iPhoneSimulator
		{5AB8B03D-1E00-4CF8-9B16-AA62B1CB0306}.Debug|iPhone.Build.0 = Debug|iPhoneSimulator
		{5AB8B03D-1E00-4CF8-9B16-AA62B1CB0306}.Debug|iPhoneSimulator.ActiveCfg = Debug|iPhoneSimulator
		{5AB8B03D-1E00-4CF8-9B16-AA62B1CB0306}.Debug|iPhoneSimulator.Build.0 = Debug|iPhoneSimulator
		{5AB8B03D-1E00-4CF8-9B16-AA62B1CB0306}.Debug|x64.ActiveCfg = Debug|iPhoneSimulator
		{5AB8B03D-1E00-4CF8-9B16-AA62B1CB0306}.Debug|x64.Build.0 = Debug|iPhoneSimulator
		{5AB8B03D-1E00-4CF8-9B16-AA62B1CB0306}.Debug|x86.ActiveCfg = Debug|iPhoneSimulator
		{5AB8B03D-1E00-4CF8-9B16-AA62B1CB0306}.Debug|x86.Build.0 = Debug|iPhoneSimulator
		{5AB8B03D-1E00-4CF8-9B16-AA62B1CB0306}.Release|Any CPU.ActiveCfg = Release|iPhoneSimulator
		{5AB8B03D-1E00-4CF8-9B16-AA62B1CB0306}.Release|Any CPU.Build.0 = Release|iPhoneSimulator
		{5AB8B03D-1E00-4CF8-9B16-AA62B1CB0306}.Release|ARM.ActiveCfg = Release|iPhoneSimulator
		{5AB8B03D-1E00-4CF8-9B16-AA62B1CB0306}.Release|ARM.Build.0 = Release|iPhoneSimulator
		{5AB8B03D-1E00-4CF8-9B16-AA62B1CB0306}.Release|ARM64.ActiveCfg = Release|iPhoneSimulator
		{5AB8B03D-1E00-4CF8-9B16-AA62B1CB0306}.Release|ARM64.Build.0 = Release|iPhoneSimulator
		{5AB8B03D-1E00-4CF8-9B16-AA62B1CB0306}.Release|iPhone.ActiveCfg = Release|iPhoneSimulator
		{5AB8B03D-1E00-4CF8-9B16-AA62B1CB0306}.Release|iPhone.Build.0 = Release|iPhoneSimulator
		{5AB8B03D-1E00-4CF8-9B16-AA62B1CB0306}.Release|iPhoneSimulator.ActiveCfg = Release|iPhoneSimulator
		{5AB8B03D-1E00-4CF8-9B16-AA62B1CB0306}.Release|iPhoneSimulator.Build.0 = Release|iPhoneSimulator
		{5AB8B03D-1E00-4CF8-9B16-AA62B1CB0306}.Release|x64.ActiveCfg = Release|iPhoneSimulator
		{5AB8B03D-1E00-4CF8-9B16-AA62B1CB0306}.Release|x64.Build.0 = Release|iPhoneSimulator
		{5AB8B03D-1E00-4CF8-9B16-AA62B1CB0306}.Release|x86.ActiveCfg = Release|iPhoneSimulator
		{5AB8B03D-1E00-4CF8-9B16-AA62B1CB0306}.Release|x86.Build.0 = Release|iPhoneSimulator
		{DC64B30D-61FB-45E3-96A1-3F4E7317BA6D}.Ad-Hoc|Any CPU.ActiveCfg = Debug|Any CPU
		{DC64B30D-61FB-45E3-96A1-3F4E7317BA6D}.Ad-Hoc|Any CPU.Build.0 = Debug|Any CPU
		{DC64B30D-61FB-45E3-96A1-3F4E7317BA6D}.Ad-Hoc|ARM.ActiveCfg = Debug|Any CPU
		{DC64B30D-61FB-45E3-96A1-3F4E7317BA6D}.Ad-Hoc|ARM.Build.0 = Debug|Any CPU
		{DC64B30D-61FB-45E3-96A1-3F4E7317BA6D}.Ad-Hoc|ARM64.ActiveCfg = Debug|Any CPU
		{DC64B30D-61FB-45E3-96A1-3F4E7317BA6D}.Ad-Hoc|ARM64.Build.0 = Debug|Any CPU
		{DC64B30D-61FB-45E3-96A1-3F4E7317BA6D}.Ad-Hoc|iPhone.ActiveCfg = Debug|Any CPU
		{DC64B30D-61FB-45E3-96A1-3F4E7317BA6D}.Ad-Hoc|iPhone.Build.0 = Debug|Any CPU
		{DC64B30D-61FB-45E3-96A1-3F4E7317BA6D}.Ad-Hoc|iPhoneSimulator.ActiveCfg = Debug|Any CPU
		{DC64B30D-61FB-45E3-96A1-3F4E7317BA6D}.Ad-Hoc|iPhoneSimulator.Build.0 = Debug|Any CPU
		{DC64B30D-61FB-45E3-96A1-3F4E7317BA6D}.Ad-Hoc|x64.ActiveCfg = Debug|Any CPU
		{DC64B30D-61FB-45E3-96A1-3F4E7317BA6D}.Ad-Hoc|x64.Build.0 = Debug|Any CPU
		{DC64B30D-61FB-45E3-96A1-3F4E7317BA6D}.Ad-Hoc|x86.ActiveCfg = Debug|Any CPU
		{DC64B30D-61FB-45E3-96A1-3F4E7317BA6D}.Ad-Hoc|x86.Build.0 = Debug|Any CPU
		{DC64B30D-61FB-45E3-96A1-3F4E7317BA6D}.AppStore|Any CPU.ActiveCfg = Debug|Any CPU
		{DC64B30D-61FB-45E3-96A1-3F4E7317BA6D}.AppStore|Any CPU.Build.0 = Debug|Any CPU
		{DC64B30D-61FB-45E3-96A1-3F4E7317BA6D}.AppStore|ARM.ActiveCfg = Debug|Any CPU
		{DC64B30D-61FB-45E3-96A1-3F4E7317BA6D}.AppStore|ARM.Build.0 = Debug|Any CPU
		{DC64B30D-61FB-45E3-96A1-3F4E7317BA6D}.AppStore|ARM64.ActiveCfg = Debug|Any CPU
		{DC64B30D-61FB-45E3-96A1-3F4E7317BA6D}.AppStore|ARM64.Build.0 = Debug|Any CPU
		{DC64B30D-61FB-45E3-96A1-3F4E7317BA6D}.AppStore|iPhone.ActiveCfg = Debug|Any CPU
		{DC64B30D-61FB-45E3-96A1-3F4E7317BA6D}.AppStore|iPhone.Build.0 = Debug|Any CPU
		{DC64B30D-61FB-45E3-96A1-3F4E7317BA6D}.AppStore|iPhoneSimulator.ActiveCfg = Debug|Any CPU
		{DC64B30D-61FB-45E3-96A1-3F4E7317BA6D}.AppStore|iPhoneSimulator.Build.0 = Debug|Any CPU
		{DC64B30D-61FB-45E3-96A1-3F4E7317BA6D}.AppStore|x64.ActiveCfg = Debug|Any CPU
		{DC64B30D-61FB-45E3-96A1-3F4E7317BA6D}.AppStore|x64.Build.0 = Debug|Any CPU
		{DC64B30D-61FB-45E3-96A1-3F4E7317BA6D}.AppStore|x86.ActiveCfg = Debug|Any CPU
		{DC64B30D-61FB-45E3-96A1-3F4E7317BA6D}.AppStore|x86.Build.0 = Debug|Any CPU
		{DC64B30D-61FB-45E3-96A1-3F4E7317BA6D}.Debug|Any CPU.ActiveCfg = Debug|Any CPU
		{DC64B30D-61FB-45E3-96A1-3F4E7317BA6D}.Debug|Any CPU.Build.0 = Debug|Any CPU
		{DC64B30D-61FB-45E3-96A1-3F4E7317BA6D}.Debug|ARM.ActiveCfg = Debug|Any CPU
		{DC64B30D-61FB-45E3-96A1-3F4E7317BA6D}.Debug|ARM.Build.0 = Debug|Any CPU
		{DC64B30D-61FB-45E3-96A1-3F4E7317BA6D}.Debug|ARM64.ActiveCfg = Debug|Any CPU
		{DC64B30D-61FB-45E3-96A1-3F4E7317BA6D}.Debug|ARM64.Build.0 = Debug|Any CPU
		{DC64B30D-61FB-45E3-96A1-3F4E7317BA6D}.Debug|iPhone.ActiveCfg = Debug|Any CPU
		{DC64B30D-61FB-45E3-96A1-3F4E7317BA6D}.Debug|iPhone.Build.0 = Debug|Any CPU
		{DC64B30D-61FB-45E3-96A1-3F4E7317BA6D}.Debug|iPhoneSimulator.ActiveCfg = Debug|Any CPU
		{DC64B30D-61FB-45E3-96A1-3F4E7317BA6D}.Debug|iPhoneSimulator.Build.0 = Debug|Any CPU
		{DC64B30D-61FB-45E3-96A1-3F4E7317BA6D}.Debug|x64.ActiveCfg = Debug|Any CPU
		{DC64B30D-61FB-45E3-96A1-3F4E7317BA6D}.Debug|x64.Build.0 = Debug|Any CPU
		{DC64B30D-61FB-45E3-96A1-3F4E7317BA6D}.Debug|x86.ActiveCfg = Debug|Any CPU
		{DC64B30D-61FB-45E3-96A1-3F4E7317BA6D}.Debug|x86.Build.0 = Debug|Any CPU
		{DC64B30D-61FB-45E3-96A1-3F4E7317BA6D}.Release|Any CPU.ActiveCfg = Release|Any CPU
		{DC64B30D-61FB-45E3-96A1-3F4E7317BA6D}.Release|Any CPU.Build.0 = Release|Any CPU
		{DC64B30D-61FB-45E3-96A1-3F4E7317BA6D}.Release|ARM.ActiveCfg = Release|Any CPU
		{DC64B30D-61FB-45E3-96A1-3F4E7317BA6D}.Release|ARM.Build.0 = Release|Any CPU
		{DC64B30D-61FB-45E3-96A1-3F4E7317BA6D}.Release|ARM64.ActiveCfg = Release|Any CPU
		{DC64B30D-61FB-45E3-96A1-3F4E7317BA6D}.Release|ARM64.Build.0 = Release|Any CPU
		{DC64B30D-61FB-45E3-96A1-3F4E7317BA6D}.Release|iPhone.ActiveCfg = Release|Any CPU
		{DC64B30D-61FB-45E3-96A1-3F4E7317BA6D}.Release|iPhone.Build.0 = Release|Any CPU
		{DC64B30D-61FB-45E3-96A1-3F4E7317BA6D}.Release|iPhoneSimulator.ActiveCfg = Release|Any CPU
		{DC64B30D-61FB-45E3-96A1-3F4E7317BA6D}.Release|iPhoneSimulator.Build.0 = Release|Any CPU
		{DC64B30D-61FB-45E3-96A1-3F4E7317BA6D}.Release|x64.ActiveCfg = Release|Any CPU
		{DC64B30D-61FB-45E3-96A1-3F4E7317BA6D}.Release|x64.Build.0 = Release|Any CPU
		{DC64B30D-61FB-45E3-96A1-3F4E7317BA6D}.Release|x86.ActiveCfg = Release|Any CPU
		{DC64B30D-61FB-45E3-96A1-3F4E7317BA6D}.Release|x86.Build.0 = Release|Any CPU
		{BE97FE75-614B-46A7-A612-86AC9EFCBBEF}.Ad-Hoc|Any CPU.ActiveCfg = Debug|Any CPU
		{BE97FE75-614B-46A7-A612-86AC9EFCBBEF}.Ad-Hoc|Any CPU.Build.0 = Debug|Any CPU
		{BE97FE75-614B-46A7-A612-86AC9EFCBBEF}.Ad-Hoc|ARM.ActiveCfg = Debug|Any CPU
		{BE97FE75-614B-46A7-A612-86AC9EFCBBEF}.Ad-Hoc|ARM.Build.0 = Debug|Any CPU
		{BE97FE75-614B-46A7-A612-86AC9EFCBBEF}.Ad-Hoc|ARM64.ActiveCfg = Debug|Any CPU
		{BE97FE75-614B-46A7-A612-86AC9EFCBBEF}.Ad-Hoc|ARM64.Build.0 = Debug|Any CPU
		{BE97FE75-614B-46A7-A612-86AC9EFCBBEF}.Ad-Hoc|iPhone.ActiveCfg = Debug|Any CPU
		{BE97FE75-614B-46A7-A612-86AC9EFCBBEF}.Ad-Hoc|iPhone.Build.0 = Debug|Any CPU
		{BE97FE75-614B-46A7-A612-86AC9EFCBBEF}.Ad-Hoc|iPhoneSimulator.ActiveCfg = Debug|Any CPU
		{BE97FE75-614B-46A7-A612-86AC9EFCBBEF}.Ad-Hoc|iPhoneSimulator.Build.0 = Debug|Any CPU
		{BE97FE75-614B-46A7-A612-86AC9EFCBBEF}.Ad-Hoc|x64.ActiveCfg = Debug|Any CPU
		{BE97FE75-614B-46A7-A612-86AC9EFCBBEF}.Ad-Hoc|x64.Build.0 = Debug|Any CPU
		{BE97FE75-614B-46A7-A612-86AC9EFCBBEF}.Ad-Hoc|x86.ActiveCfg = Debug|Any CPU
		{BE97FE75-614B-46A7-A612-86AC9EFCBBEF}.Ad-Hoc|x86.Build.0 = Debug|Any CPU
		{BE97FE75-614B-46A7-A612-86AC9EFCBBEF}.AppStore|Any CPU.ActiveCfg = Debug|Any CPU
		{BE97FE75-614B-46A7-A612-86AC9EFCBBEF}.AppStore|Any CPU.Build.0 = Debug|Any CPU
		{BE97FE75-614B-46A7-A612-86AC9EFCBBEF}.AppStore|ARM.ActiveCfg = Debug|Any CPU
		{BE97FE75-614B-46A7-A612-86AC9EFCBBEF}.AppStore|ARM.Build.0 = Debug|Any CPU
		{BE97FE75-614B-46A7-A612-86AC9EFCBBEF}.AppStore|ARM64.ActiveCfg = Debug|Any CPU
		{BE97FE75-614B-46A7-A612-86AC9EFCBBEF}.AppStore|ARM64.Build.0 = Debug|Any CPU
		{BE97FE75-614B-46A7-A612-86AC9EFCBBEF}.AppStore|iPhone.ActiveCfg = Debug|Any CPU
		{BE97FE75-614B-46A7-A612-86AC9EFCBBEF}.AppStore|iPhone.Build.0 = Debug|Any CPU
		{BE97FE75-614B-46A7-A612-86AC9EFCBBEF}.AppStore|iPhoneSimulator.ActiveCfg = Debug|Any CPU
		{BE97FE75-614B-46A7-A612-86AC9EFCBBEF}.AppStore|iPhoneSimulator.Build.0 = Debug|Any CPU
		{BE97FE75-614B-46A7-A612-86AC9EFCBBEF}.AppStore|x64.ActiveCfg = Debug|Any CPU
		{BE97FE75-614B-46A7-A612-86AC9EFCBBEF}.AppStore|x64.Build.0 = Debug|Any CPU
		{BE97FE75-614B-46A7-A612-86AC9EFCBBEF}.AppStore|x86.ActiveCfg = Debug|Any CPU
		{BE97FE75-614B-46A7-A612-86AC9EFCBBEF}.AppStore|x86.Build.0 = Debug|Any CPU
		{BE97FE75-614B-46A7-A612-86AC9EFCBBEF}.Debug|Any CPU.ActiveCfg = Debug|Any CPU
		{BE97FE75-614B-46A7-A612-86AC9EFCBBEF}.Debug|Any CPU.Build.0 = Debug|Any CPU
		{BE97FE75-614B-46A7-A612-86AC9EFCBBEF}.Debug|ARM.ActiveCfg = Debug|Any CPU
		{BE97FE75-614B-46A7-A612-86AC9EFCBBEF}.Debug|ARM.Build.0 = Debug|Any CPU
		{BE97FE75-614B-46A7-A612-86AC9EFCBBEF}.Debug|ARM64.ActiveCfg = Debug|Any CPU
		{BE97FE75-614B-46A7-A612-86AC9EFCBBEF}.Debug|ARM64.Build.0 = Debug|Any CPU
		{BE97FE75-614B-46A7-A612-86AC9EFCBBEF}.Debug|iPhone.ActiveCfg = Debug|Any CPU
		{BE97FE75-614B-46A7-A612-86AC9EFCBBEF}.Debug|iPhone.Build.0 = Debug|Any CPU
		{BE97FE75-614B-46A7-A612-86AC9EFCBBEF}.Debug|iPhoneSimulator.ActiveCfg = Debug|Any CPU
		{BE97FE75-614B-46A7-A612-86AC9EFCBBEF}.Debug|iPhoneSimulator.Build.0 = Debug|Any CPU
		{BE97FE75-614B-46A7-A612-86AC9EFCBBEF}.Debug|x64.ActiveCfg = Debug|Any CPU
		{BE97FE75-614B-46A7-A612-86AC9EFCBBEF}.Debug|x64.Build.0 = Debug|Any CPU
		{BE97FE75-614B-46A7-A612-86AC9EFCBBEF}.Debug|x86.ActiveCfg = Debug|Any CPU
		{BE97FE75-614B-46A7-A612-86AC9EFCBBEF}.Debug|x86.Build.0 = Debug|Any CPU
		{BE97FE75-614B-46A7-A612-86AC9EFCBBEF}.Release|Any CPU.ActiveCfg = Release|Any CPU
		{BE97FE75-614B-46A7-A612-86AC9EFCBBEF}.Release|Any CPU.Build.0 = Release|Any CPU
		{BE97FE75-614B-46A7-A612-86AC9EFCBBEF}.Release|ARM.ActiveCfg = Release|Any CPU
		{BE97FE75-614B-46A7-A612-86AC9EFCBBEF}.Release|ARM.Build.0 = Release|Any CPU
		{BE97FE75-614B-46A7-A612-86AC9EFCBBEF}.Release|ARM64.ActiveCfg = Release|Any CPU
		{BE97FE75-614B-46A7-A612-86AC9EFCBBEF}.Release|ARM64.Build.0 = Release|Any CPU
		{BE97FE75-614B-46A7-A612-86AC9EFCBBEF}.Release|iPhone.ActiveCfg = Release|Any CPU
		{BE97FE75-614B-46A7-A612-86AC9EFCBBEF}.Release|iPhone.Build.0 = Release|Any CPU
		{BE97FE75-614B-46A7-A612-86AC9EFCBBEF}.Release|iPhoneSimulator.ActiveCfg = Release|Any CPU
		{BE97FE75-614B-46A7-A612-86AC9EFCBBEF}.Release|iPhoneSimulator.Build.0 = Release|Any CPU
		{BE97FE75-614B-46A7-A612-86AC9EFCBBEF}.Release|x64.ActiveCfg = Release|Any CPU
		{BE97FE75-614B-46A7-A612-86AC9EFCBBEF}.Release|x64.Build.0 = Release|Any CPU
		{BE97FE75-614B-46A7-A612-86AC9EFCBBEF}.Release|x86.ActiveCfg = Release|Any CPU
		{BE97FE75-614B-46A7-A612-86AC9EFCBBEF}.Release|x86.Build.0 = Release|Any CPU
		{BFD2D72A-4E7C-41FB-8487-4BB56FE71FF1}.Ad-Hoc|Any CPU.ActiveCfg = Debug|Any CPU
		{BFD2D72A-4E7C-41FB-8487-4BB56FE71FF1}.Ad-Hoc|Any CPU.Build.0 = Debug|Any CPU
		{BFD2D72A-4E7C-41FB-8487-4BB56FE71FF1}.Ad-Hoc|ARM.ActiveCfg = Debug|Any CPU
		{BFD2D72A-4E7C-41FB-8487-4BB56FE71FF1}.Ad-Hoc|ARM.Build.0 = Debug|Any CPU
		{BFD2D72A-4E7C-41FB-8487-4BB56FE71FF1}.Ad-Hoc|ARM64.ActiveCfg = Debug|Any CPU
		{BFD2D72A-4E7C-41FB-8487-4BB56FE71FF1}.Ad-Hoc|ARM64.Build.0 = Debug|Any CPU
		{BFD2D72A-4E7C-41FB-8487-4BB56FE71FF1}.Ad-Hoc|iPhone.ActiveCfg = Debug|Any CPU
		{BFD2D72A-4E7C-41FB-8487-4BB56FE71FF1}.Ad-Hoc|iPhone.Build.0 = Debug|Any CPU
		{BFD2D72A-4E7C-41FB-8487-4BB56FE71FF1}.Ad-Hoc|iPhoneSimulator.ActiveCfg = Debug|Any CPU
		{BFD2D72A-4E7C-41FB-8487-4BB56FE71FF1}.Ad-Hoc|iPhoneSimulator.Build.0 = Debug|Any CPU
		{BFD2D72A-4E7C-41FB-8487-4BB56FE71FF1}.Ad-Hoc|x64.ActiveCfg = Debug|Any CPU
		{BFD2D72A-4E7C-41FB-8487-4BB56FE71FF1}.Ad-Hoc|x64.Build.0 = Debug|Any CPU
		{BFD2D72A-4E7C-41FB-8487-4BB56FE71FF1}.Ad-Hoc|x86.ActiveCfg = Debug|Any CPU
		{BFD2D72A-4E7C-41FB-8487-4BB56FE71FF1}.Ad-Hoc|x86.Build.0 = Debug|Any CPU
		{BFD2D72A-4E7C-41FB-8487-4BB56FE71FF1}.AppStore|Any CPU.ActiveCfg = Debug|Any CPU
		{BFD2D72A-4E7C-41FB-8487-4BB56FE71FF1}.AppStore|Any CPU.Build.0 = Debug|Any CPU
		{BFD2D72A-4E7C-41FB-8487-4BB56FE71FF1}.AppStore|ARM.ActiveCfg = Debug|Any CPU
		{BFD2D72A-4E7C-41FB-8487-4BB56FE71FF1}.AppStore|ARM.Build.0 = Debug|Any CPU
		{BFD2D72A-4E7C-41FB-8487-4BB56FE71FF1}.AppStore|ARM64.ActiveCfg = Debug|Any CPU
		{BFD2D72A-4E7C-41FB-8487-4BB56FE71FF1}.AppStore|ARM64.Build.0 = Debug|Any CPU
		{BFD2D72A-4E7C-41FB-8487-4BB56FE71FF1}.AppStore|iPhone.ActiveCfg = Debug|Any CPU
		{BFD2D72A-4E7C-41FB-8487-4BB56FE71FF1}.AppStore|iPhone.Build.0 = Debug|Any CPU
		{BFD2D72A-4E7C-41FB-8487-4BB56FE71FF1}.AppStore|iPhoneSimulator.ActiveCfg = Debug|Any CPU
		{BFD2D72A-4E7C-41FB-8487-4BB56FE71FF1}.AppStore|iPhoneSimulator.Build.0 = Debug|Any CPU
		{BFD2D72A-4E7C-41FB-8487-4BB56FE71FF1}.AppStore|x64.ActiveCfg = Debug|Any CPU
		{BFD2D72A-4E7C-41FB-8487-4BB56FE71FF1}.AppStore|x64.Build.0 = Debug|Any CPU
		{BFD2D72A-4E7C-41FB-8487-4BB56FE71FF1}.AppStore|x86.ActiveCfg = Debug|Any CPU
		{BFD2D72A-4E7C-41FB-8487-4BB56FE71FF1}.AppStore|x86.Build.0 = Debug|Any CPU
		{BFD2D72A-4E7C-41FB-8487-4BB56FE71FF1}.Debug|Any CPU.ActiveCfg = Debug|Any CPU
		{BFD2D72A-4E7C-41FB-8487-4BB56FE71FF1}.Debug|Any CPU.Build.0 = Debug|Any CPU
		{BFD2D72A-4E7C-41FB-8487-4BB56FE71FF1}.Debug|ARM.ActiveCfg = Debug|Any CPU
		{BFD2D72A-4E7C-41FB-8487-4BB56FE71FF1}.Debug|ARM.Build.0 = Debug|Any CPU
		{BFD2D72A-4E7C-41FB-8487-4BB56FE71FF1}.Debug|ARM64.ActiveCfg = Debug|Any CPU
		{BFD2D72A-4E7C-41FB-8487-4BB56FE71FF1}.Debug|ARM64.Build.0 = Debug|Any CPU
		{BFD2D72A-4E7C-41FB-8487-4BB56FE71FF1}.Debug|iPhone.ActiveCfg = Debug|Any CPU
		{BFD2D72A-4E7C-41FB-8487-4BB56FE71FF1}.Debug|iPhone.Build.0 = Debug|Any CPU
		{BFD2D72A-4E7C-41FB-8487-4BB56FE71FF1}.Debug|iPhoneSimulator.ActiveCfg = Debug|Any CPU
		{BFD2D72A-4E7C-41FB-8487-4BB56FE71FF1}.Debug|iPhoneSimulator.Build.0 = Debug|Any CPU
		{BFD2D72A-4E7C-41FB-8487-4BB56FE71FF1}.Debug|x64.ActiveCfg = Debug|Any CPU
		{BFD2D72A-4E7C-41FB-8487-4BB56FE71FF1}.Debug|x64.Build.0 = Debug|Any CPU
		{BFD2D72A-4E7C-41FB-8487-4BB56FE71FF1}.Debug|x86.ActiveCfg = Debug|Any CPU
		{BFD2D72A-4E7C-41FB-8487-4BB56FE71FF1}.Debug|x86.Build.0 = Debug|Any CPU
		{BFD2D72A-4E7C-41FB-8487-4BB56FE71FF1}.Release|Any CPU.ActiveCfg = Release|Any CPU
		{BFD2D72A-4E7C-41FB-8487-4BB56FE71FF1}.Release|Any CPU.Build.0 = Release|Any CPU
		{BFD2D72A-4E7C-41FB-8487-4BB56FE71FF1}.Release|ARM.ActiveCfg = Release|Any CPU
		{BFD2D72A-4E7C-41FB-8487-4BB56FE71FF1}.Release|ARM.Build.0 = Release|Any CPU
		{BFD2D72A-4E7C-41FB-8487-4BB56FE71FF1}.Release|ARM64.ActiveCfg = Release|Any CPU
		{BFD2D72A-4E7C-41FB-8487-4BB56FE71FF1}.Release|ARM64.Build.0 = Release|Any CPU
		{BFD2D72A-4E7C-41FB-8487-4BB56FE71FF1}.Release|iPhone.ActiveCfg = Release|Any CPU
		{BFD2D72A-4E7C-41FB-8487-4BB56FE71FF1}.Release|iPhone.Build.0 = Release|Any CPU
		{BFD2D72A-4E7C-41FB-8487-4BB56FE71FF1}.Release|iPhoneSimulator.ActiveCfg = Release|Any CPU
		{BFD2D72A-4E7C-41FB-8487-4BB56FE71FF1}.Release|iPhoneSimulator.Build.0 = Release|Any CPU
		{BFD2D72A-4E7C-41FB-8487-4BB56FE71FF1}.Release|x64.ActiveCfg = Release|Any CPU
		{BFD2D72A-4E7C-41FB-8487-4BB56FE71FF1}.Release|x64.Build.0 = Release|Any CPU
		{BFD2D72A-4E7C-41FB-8487-4BB56FE71FF1}.Release|x86.ActiveCfg = Release|Any CPU
		{BFD2D72A-4E7C-41FB-8487-4BB56FE71FF1}.Release|x86.Build.0 = Release|Any CPU
		{26B3970B-2583-4600-BFFE-2935424976AE}.Ad-Hoc|Any CPU.ActiveCfg = Debug|Any CPU
		{26B3970B-2583-4600-BFFE-2935424976AE}.Ad-Hoc|Any CPU.Build.0 = Debug|Any CPU
		{26B3970B-2583-4600-BFFE-2935424976AE}.Ad-Hoc|ARM.ActiveCfg = Debug|Any CPU
		{26B3970B-2583-4600-BFFE-2935424976AE}.Ad-Hoc|ARM.Build.0 = Debug|Any CPU
		{26B3970B-2583-4600-BFFE-2935424976AE}.Ad-Hoc|ARM64.ActiveCfg = Debug|Any CPU
		{26B3970B-2583-4600-BFFE-2935424976AE}.Ad-Hoc|ARM64.Build.0 = Debug|Any CPU
		{26B3970B-2583-4600-BFFE-2935424976AE}.Ad-Hoc|iPhone.ActiveCfg = Debug|Any CPU
		{26B3970B-2583-4600-BFFE-2935424976AE}.Ad-Hoc|iPhone.Build.0 = Debug|Any CPU
		{26B3970B-2583-4600-BFFE-2935424976AE}.Ad-Hoc|iPhoneSimulator.ActiveCfg = Debug|Any CPU
		{26B3970B-2583-4600-BFFE-2935424976AE}.Ad-Hoc|iPhoneSimulator.Build.0 = Debug|Any CPU
		{26B3970B-2583-4600-BFFE-2935424976AE}.Ad-Hoc|x64.ActiveCfg = Debug|Any CPU
		{26B3970B-2583-4600-BFFE-2935424976AE}.Ad-Hoc|x64.Build.0 = Debug|Any CPU
		{26B3970B-2583-4600-BFFE-2935424976AE}.Ad-Hoc|x86.ActiveCfg = Debug|Any CPU
		{26B3970B-2583-4600-BFFE-2935424976AE}.Ad-Hoc|x86.Build.0 = Debug|Any CPU
		{26B3970B-2583-4600-BFFE-2935424976AE}.AppStore|Any CPU.ActiveCfg = Debug|Any CPU
		{26B3970B-2583-4600-BFFE-2935424976AE}.AppStore|Any CPU.Build.0 = Debug|Any CPU
		{26B3970B-2583-4600-BFFE-2935424976AE}.AppStore|ARM.ActiveCfg = Debug|Any CPU
		{26B3970B-2583-4600-BFFE-2935424976AE}.AppStore|ARM.Build.0 = Debug|Any CPU
		{26B3970B-2583-4600-BFFE-2935424976AE}.AppStore|ARM64.ActiveCfg = Debug|Any CPU
		{26B3970B-2583-4600-BFFE-2935424976AE}.AppStore|ARM64.Build.0 = Debug|Any CPU
		{26B3970B-2583-4600-BFFE-2935424976AE}.AppStore|iPhone.ActiveCfg = Debug|Any CPU
		{26B3970B-2583-4600-BFFE-2935424976AE}.AppStore|iPhone.Build.0 = Debug|Any CPU
		{26B3970B-2583-4600-BFFE-2935424976AE}.AppStore|iPhoneSimulator.ActiveCfg = Debug|Any CPU
		{26B3970B-2583-4600-BFFE-2935424976AE}.AppStore|iPhoneSimulator.Build.0 = Debug|Any CPU
		{26B3970B-2583-4600-BFFE-2935424976AE}.AppStore|x64.ActiveCfg = Debug|Any CPU
		{26B3970B-2583-4600-BFFE-2935424976AE}.AppStore|x64.Build.0 = Debug|Any CPU
		{26B3970B-2583-4600-BFFE-2935424976AE}.AppStore|x86.ActiveCfg = Debug|Any CPU
		{26B3970B-2583-4600-BFFE-2935424976AE}.AppStore|x86.Build.0 = Debug|Any CPU
		{26B3970B-2583-4600-BFFE-2935424976AE}.Debug|Any CPU.ActiveCfg = Debug|Any CPU
		{26B3970B-2583-4600-BFFE-2935424976AE}.Debug|Any CPU.Build.0 = Debug|Any CPU
		{26B3970B-2583-4600-BFFE-2935424976AE}.Debug|ARM.ActiveCfg = Debug|Any CPU
		{26B3970B-2583-4600-BFFE-2935424976AE}.Debug|ARM.Build.0 = Debug|Any CPU
		{26B3970B-2583-4600-BFFE-2935424976AE}.Debug|ARM64.ActiveCfg = Debug|Any CPU
		{26B3970B-2583-4600-BFFE-2935424976AE}.Debug|ARM64.Build.0 = Debug|Any CPU
		{26B3970B-2583-4600-BFFE-2935424976AE}.Debug|iPhone.ActiveCfg = Debug|Any CPU
		{26B3970B-2583-4600-BFFE-2935424976AE}.Debug|iPhone.Build.0 = Debug|Any CPU
		{26B3970B-2583-4600-BFFE-2935424976AE}.Debug|iPhoneSimulator.ActiveCfg = Debug|Any CPU
		{26B3970B-2583-4600-BFFE-2935424976AE}.Debug|iPhoneSimulator.Build.0 = Debug|Any CPU
		{26B3970B-2583-4600-BFFE-2935424976AE}.Debug|x64.ActiveCfg = Debug|Any CPU
		{26B3970B-2583-4600-BFFE-2935424976AE}.Debug|x64.Build.0 = Debug|Any CPU
		{26B3970B-2583-4600-BFFE-2935424976AE}.Debug|x86.ActiveCfg = Debug|Any CPU
		{26B3970B-2583-4600-BFFE-2935424976AE}.Debug|x86.Build.0 = Debug|Any CPU
		{26B3970B-2583-4600-BFFE-2935424976AE}.Release|Any CPU.ActiveCfg = Release|Any CPU
		{26B3970B-2583-4600-BFFE-2935424976AE}.Release|Any CPU.Build.0 = Release|Any CPU
		{26B3970B-2583-4600-BFFE-2935424976AE}.Release|ARM.ActiveCfg = Release|Any CPU
		{26B3970B-2583-4600-BFFE-2935424976AE}.Release|ARM.Build.0 = Release|Any CPU
		{26B3970B-2583-4600-BFFE-2935424976AE}.Release|ARM64.ActiveCfg = Release|Any CPU
		{26B3970B-2583-4600-BFFE-2935424976AE}.Release|ARM64.Build.0 = Release|Any CPU
		{26B3970B-2583-4600-BFFE-2935424976AE}.Release|iPhone.ActiveCfg = Release|Any CPU
		{26B3970B-2583-4600-BFFE-2935424976AE}.Release|iPhone.Build.0 = Release|Any CPU
		{26B3970B-2583-4600-BFFE-2935424976AE}.Release|iPhoneSimulator.ActiveCfg = Release|Any CPU
		{26B3970B-2583-4600-BFFE-2935424976AE}.Release|iPhoneSimulator.Build.0 = Release|Any CPU
		{26B3970B-2583-4600-BFFE-2935424976AE}.Release|x64.ActiveCfg = Release|Any CPU
		{26B3970B-2583-4600-BFFE-2935424976AE}.Release|x64.Build.0 = Release|Any CPU
		{26B3970B-2583-4600-BFFE-2935424976AE}.Release|x86.ActiveCfg = Release|Any CPU
		{26B3970B-2583-4600-BFFE-2935424976AE}.Release|x86.Build.0 = Release|Any CPU
	EndGlobalSection
	GlobalSection(SolutionProperties) = preSolution
		HideSolutionNode = FALSE
	EndGlobalSection
	GlobalSection(NestedProjects) = preSolution
		{BA0574C5-DE52-4E56-9455-0FE3B2B3C2C8} = {FFA2DF2A-0262-4BB6-B62F-0676CE412269}
		{426FBD2D-4159-44C6-934F-AE28F07F3D8D} = {FFA2DF2A-0262-4BB6-B62F-0676CE412269}
		{EDF24997-9B24-48FF-B668-902814233950} = {FFA2DF2A-0262-4BB6-B62F-0676CE412269}
		{865B58B2-EE03-46EE-8AB3-7E989B723469} = {FFA2DF2A-0262-4BB6-B62F-0676CE412269}
		{5AB8B03D-1E00-4CF8-9B16-AA62B1CB0306} = {FFA2DF2A-0262-4BB6-B62F-0676CE412269}
		{DC64B30D-61FB-45E3-96A1-3F4E7317BA6D} = {FFA2DF2A-0262-4BB6-B62F-0676CE412269}
		{BE97FE75-614B-46A7-A612-86AC9EFCBBEF} = {FFA2DF2A-0262-4BB6-B62F-0676CE412269}
		{BFD2D72A-4E7C-41FB-8487-4BB56FE71FF1} = {FFA2DF2A-0262-4BB6-B62F-0676CE412269}
		{26B3970B-2583-4600-BFFE-2935424976AE} = {FFA2DF2A-0262-4BB6-B62F-0676CE412269}
	EndGlobalSection
	GlobalSection(ExtensibilityGlobals) = postSolution
		SolutionGuid = {6D48D563-B1A7-4F1E-AE9E-E5C0B5EBC0B1}
	EndGlobalSection
EndGlobal
